// !$*UTF8*$!
{
	archiveVersion = 1;
	classes = {
	};
	objectVersion = 50;
	objects = {

/* Begin PBXBuildFile section */
		2EAC736A252513B60087EA5F /* AppDelegate.swift in Sources */ = {isa = PBXBuildFile; fileRef = 2EAC7369252513B60087EA5F /* AppDelegate.swift */; };
		2EAC736C252513B60087EA5F /* SceneDelegate.swift in Sources */ = {isa = PBXBuildFile; fileRef = 2EAC736B252513B60087EA5F /* SceneDelegate.swift */; };
		2EAC736E252513B60087EA5F /* ContentView.swift in Sources */ = {isa = PBXBuildFile; fileRef = 2EAC736D252513B60087EA5F /* ContentView.swift */; };
		2EAC7370252513B80087EA5F /* Assets.xcassets in Resources */ = {isa = PBXBuildFile; fileRef = 2EAC736F252513B80087EA5F /* Assets.xcassets */; };
		2EAC7373252513B80087EA5F /* Preview Assets.xcassets in Resources */ = {isa = PBXBuildFile; fileRef = 2EAC7372252513B80087EA5F /* Preview Assets.xcassets */; };
		2EAC7376252513B80087EA5F /* LaunchScreen.storyboard in Resources */ = {isa = PBXBuildFile; fileRef = 2EAC7374252513B80087EA5F /* LaunchScreen.storyboard */; };
		2EAC7381252513B80087EA5F /* CapturePhotoSwiftUITests.swift in Sources */ = {isa = PBXBuildFile; fileRef = 2EAC7380252513B80087EA5F /* CapturePhotoSwiftUITests.swift */; };
		2EAC738C252513B80087EA5F /* CapturePhotoSwiftUIUITests.swift in Sources */ = {isa = PBXBuildFile; fileRef = 2EAC738B252513B80087EA5F /* CapturePhotoSwiftUIUITests.swift */; };
		2EAC739D252513ED0087EA5F /* ImagePicker.swift in Sources */ = {isa = PBXBuildFile; fileRef = 2EAC739C252513ED0087EA5F /* ImagePicker.swift */; };
		2EAC73AA2525163F0087EA5F /* PhotoCaptureView.swift in Sources */ = {isa = PBXBuildFile; fileRef = 2EAC73A92525163F0087EA5F /* PhotoCaptureView.swift */; };
/* End PBXBuildFile section */

/* Begin PBXContainerItemProxy section */
		2EAC737D252513B80087EA5F /* PBXContainerItemProxy */ = {
			isa = PBXContainerItemProxy;
			containerPortal = 2EAC735E252513B60087EA5F /* Project object */;
			proxyType = 1;
			remoteGlobalIDString = 2EAC7365252513B60087EA5F;
			remoteInfo = CapturePhotoSwiftUI;
		};
		2EAC7388252513B80087EA5F /* PBXContainerItemProxy */ = {
			isa = PBXContainerItemProxy;
			containerPortal = 2EAC735E252513B60087EA5F /* Project object */;
			proxyType = 1;
			remoteGlobalIDString = 2EAC7365252513B60087EA5F;
			remoteInfo = CapturePhotoSwiftUI;
		};
/* End PBXContainerItemProxy section */

/* Begin PBXFileReference section */
		2EAC7366252513B60087EA5F /* CapturePhotoSwiftUI.app */ = {isa = PBXFileReference; explicitFileType = wrapper.application; includeInIndex = 0; path = CapturePhotoSwiftUI.app; sourceTree = BUILT_PRODUCTS_DIR; };
		2EAC7369252513B60087EA5F /* AppDelegate.swift */ = {isa = PBXFileReference; lastKnownFileType = sourcecode.swift; path = AppDelegate.swift; sourceTree = "<group>"; };
		2EAC736B252513B60087EA5F /* SceneDelegate.swift */ = {isa = PBXFileReference; lastKnownFileType = sourcecode.swift; path = SceneDelegate.swift; sourceTree = "<group>"; };
		2EAC736D252513B60087EA5F /* ContentView.swift */ = {isa = PBXFileReference; lastKnownFileType = sourcecode.swift; path = ContentView.swift; sourceTree = "<group>"; };
		2EAC736F252513B80087EA5F /* Assets.xcassets */ = {isa = PBXFileReference; lastKnownFileType = folder.assetcatalog; path = Assets.xcassets; sourceTree = "<group>"; };
		2EAC7372252513B80087EA5F /* Preview Assets.xcassets */ = {isa = PBXFileReference; lastKnownFileType = folder.assetcatalog; path = "Preview Assets.xcassets"; sourceTree = "<group>"; };
		2EAC7375252513B80087EA5F /* Base */ = {isa = PBXFileReference; lastKnownFileType = file.storyboard; name = Base; path = Base.lproj/LaunchScreen.storyboard; sourceTree = "<group>"; };
		2EAC7377252513B80087EA5F /* Info.plist */ = {isa = PBXFileReference; lastKnownFileType = text.plist.xml; path = Info.plist; sourceTree = "<group>"; };
		2EAC737C252513B80087EA5F /* CapturePhotoSwiftUITests.xctest */ = {isa = PBXFileReference; explicitFileType = wrapper.cfbundle; includeInIndex = 0; path = CapturePhotoSwiftUITests.xctest; sourceTree = BUILT_PRODUCTS_DIR; };
		2EAC7380252513B80087EA5F /* CapturePhotoSwiftUITests.swift */ = {isa = PBXFileReference; lastKnownFileType = sourcecode.swift; path = CapturePhotoSwiftUITests.swift; sourceTree = "<group>"; };
		2EAC7382252513B80087EA5F /* Info.plist */ = {isa = PBXFileReference; lastKnownFileType = text.plist.xml; path = Info.plist; sourceTree = "<group>"; };
		2EAC7387252513B80087EA5F /* CapturePhotoSwiftUIUITests.xctest */ = {isa = PBXFileReference; explicitFileType = wrapper.cfbundle; includeInIndex = 0; path = CapturePhotoSwiftUIUITests.xctest; sourceTree = BUILT_PRODUCTS_DIR; };
		2EAC738B252513B80087EA5F /* CapturePhotoSwiftUIUITests.swift */ = {isa = PBXFileReference; lastKnownFileType = sourcecode.swift; path = CapturePhotoSwiftUIUITests.swift; sourceTree = "<group>"; };
		2EAC738D252513B80087EA5F /* Info.plist */ = {isa = PBXFileReference; lastKnownFileType = text.plist.xml; path = Info.plist; sourceTree = "<group>"; };
		2EAC739C252513ED0087EA5F /* ImagePicker.swift */ = {isa = PBXFileReference; lastKnownFileType = sourcecode.swift; path = ImagePicker.swift; sourceTree = "<group>"; };
		2EAC73A92525163F0087EA5F /* PhotoCaptureView.swift */ = {isa = PBXFileReference; lastKnownFileType = sourcecode.swift; path = PhotoCaptureView.swift; sourceTree = "<group>"; };
/* End PBXFileReference section */

/* Begin PBXFrameworksBuildPhase section */
		2EAC7363252513B60087EA5F /* Frameworks */ = {
			isa = PBXFrameworksBuildPhase;
			buildActionMask = 2147483647;
			files = (
			);
			runOnlyForDeploymentPostprocessing = 0;
		};
		2EAC7379252513B80087EA5F /* Frameworks */ = {
			isa = PBXFrameworksBuildPhase;
			buildActionMask = 2147483647;
			files = (
			);
			runOnlyForDeploymentPostprocessing = 0;
		};
		2EAC7384252513B80087EA5F /* Frameworks */ = {
			isa = PBXFrameworksBuildPhase;
			buildActionMask = 2147483647;
			files = (
			);
			runOnlyForDeploymentPostprocessing = 0;
		};
/* End PBXFrameworksBuildPhase section */

/* Begin PBXGroup section */
		2EAC735D252513B60087EA5F = {
			isa = PBXGroup;
			children = (
				2EAC7368252513B60087EA5F /* CapturePhotoSwiftUI */,
				2EAC737F252513B80087EA5F /* CapturePhotoSwiftUITests */,
				2EAC738A252513B80087EA5F /* CapturePhotoSwiftUIUITests */,
				2EAC7367252513B60087EA5F /* Products */,
			);
			sourceTree = "<group>";
		};
		2EAC7367252513B60087EA5F /* Products */ = {
			isa = PBXGroup;
			children = (
				2EAC7366252513B60087EA5F /* CapturePhotoSwiftUI.app */,
				2EAC737C252513B80087EA5F /* CapturePhotoSwiftUITests.xctest */,
				2EAC7387252513B80087EA5F /* CapturePhotoSwiftUIUITests.xctest */,
			);
			name = Products;
			sourceTree = "<group>";
		};
		2EAC7368252513B60087EA5F /* CapturePhotoSwiftUI */ = {
			isa = PBXGroup;
			children = (
				2EAC7369252513B60087EA5F /* AppDelegate.swift */,
				2EAC736B252513B60087EA5F /* SceneDelegate.swift */,
				2EAC736D252513B60087EA5F /* ContentView.swift */,
				2EAC739C252513ED0087EA5F /* ImagePicker.swift */,
				2EAC736F252513B80087EA5F /* Assets.xcassets */,
				2EAC7374252513B80087EA5F /* LaunchScreen.storyboard */,
				2EAC7377252513B80087EA5F /* Info.plist */,
				2EAC7371252513B80087EA5F /* Preview Content */,
				2EAC73A92525163F0087EA5F /* PhotoCaptureView.swift */,
			);
			path = CapturePhotoSwiftUI;
			sourceTree = "<group>";
		};
		2EAC7371252513B80087EA5F /* Preview Content */ = {
			isa = PBXGroup;
			children = (
				2EAC7372252513B80087EA5F /* Preview Assets.xcassets */,
			);
			path = "Preview Content";
			sourceTree = "<group>";
		};
		2EAC737F252513B80087EA5F /* CapturePhotoSwiftUITests */ = {
			isa = PBXGroup;
			children = (
				2EAC7380252513B80087EA5F /* CapturePhotoSwiftUITests.swift */,
				2EAC7382252513B80087EA5F /* Info.plist */,
			);
			path = CapturePhotoSwiftUITests;
			sourceTree = "<group>";
		};
		2EAC738A252513B80087EA5F /* CapturePhotoSwiftUIUITests */ = {
			isa = PBXGroup;
			children = (
				2EAC738B252513B80087EA5F /* CapturePhotoSwiftUIUITests.swift */,
				2EAC738D252513B80087EA5F /* Info.plist */,
			);
			path = CapturePhotoSwiftUIUITests;
			sourceTree = "<group>";
		};
/* End PBXGroup section */

/* Begin PBXNativeTarget section */
		2EAC7365252513B60087EA5F /* CapturePhotoSwiftUI */ = {
			isa = PBXNativeTarget;
			buildConfigurationList = 2EAC7390252513B80087EA5F /* Build configuration list for PBXNativeTarget "CapturePhotoSwiftUI" */;
			buildPhases = (
				2EAC7362252513B60087EA5F /* Sources */,
				2EAC7363252513B60087EA5F /* Frameworks */,
				2EAC7364252513B60087EA5F /* Resources */,
			);
			buildRules = (
			);
			dependencies = (
			);
			name = CapturePhotoSwiftUI;
			productName = CapturePhotoSwiftUI;
			productReference = 2EAC7366252513B60087EA5F /* CapturePhotoSwiftUI.app */;
			productType = "com.apple.product-type.application";
		};
		2EAC737B252513B80087EA5F /* CapturePhotoSwiftUITests */ = {
			isa = PBXNativeTarget;
			buildConfigurationList = 2EAC7393252513B80087EA5F /* Build configuration list for PBXNativeTarget "CapturePhotoSwiftUITests" */;
			buildPhases = (
				2EAC7378252513B80087EA5F /* Sources */,
				2EAC7379252513B80087EA5F /* Frameworks */,
				2EAC737A252513B80087EA5F /* Resources */,
			);
			buildRules = (
			);
			dependencies = (
				2EAC737E252513B80087EA5F /* PBXTargetDependency */,
			);
			name = CapturePhotoSwiftUITests;
			productName = CapturePhotoSwiftUITests;
			productReference = 2EAC737C252513B80087EA5F /* CapturePhotoSwiftUITests.xctest */;
			productType = "com.apple.product-type.bundle.unit-test";
		};
		2EAC7386252513B80087EA5F /* CapturePhotoSwiftUIUITests */ = {
			isa = PBXNativeTarget;
			buildConfigurationList = 2EAC7396252513B80087EA5F /* Build configuration list for PBXNativeTarget "CapturePhotoSwiftUIUITests" */;
			buildPhases = (
				2EAC7383252513B80087EA5F /* Sources */,
				2EAC7384252513B80087EA5F /* Frameworks */,
				2EAC7385252513B80087EA5F /* Resources */,
			);
			buildRules = (
			);
			dependencies = (
				2EAC7389252513B80087EA5F /* PBXTargetDependency */,
			);
			name = CapturePhotoSwiftUIUITests;
			productName = CapturePhotoSwiftUIUITests;
			productReference = 2EAC7387252513B80087EA5F /* CapturePhotoSwiftUIUITests.xctest */;
			productType = "com.apple.product-type.bundle.ui-testing";
		};
/* End PBXNativeTarget section */

/* Begin PBXProject section */
		2EAC735E252513B60087EA5F /* Project object */ = {
			isa = PBXProject;
			attributes = {
				LastSwiftUpdateCheck = 1200;
				LastUpgradeCheck = 1200;
				TargetAttributes = {
					2EAC7365252513B60087EA5F = {
						CreatedOnToolsVersion = 12.0;
					};
					2EAC737B252513B80087EA5F = {
						CreatedOnToolsVersion = 12.0;
						TestTargetID = 2EAC7365252513B60087EA5F;
					};
					2EAC7386252513B80087EA5F = {
						CreatedOnToolsVersion = 12.0;
						TestTargetID = 2EAC7365252513B60087EA5F;
					};
				};
			};
			buildConfigurationList = 2EAC7361252513B60087EA5F /* Build configuration list for PBXProject "CapturePhotoSwiftUI" */;
			compatibilityVersion = "Xcode 9.3";
			developmentRegion = en;
			hasScannedForEncodings = 0;
			knownRegions = (
				en,
				Base,
			);
			mainGroup = 2EAC735D252513B60087EA5F;
			productRefGroup = 2EAC7367252513B60087EA5F /* Products */;
			projectDirPath = "";
			projectRoot = "";
			targets = (
				2EAC7365252513B60087EA5F /* CapturePhotoSwiftUI */,
				2EAC737B252513B80087EA5F /* CapturePhotoSwiftUITests */,
				2EAC7386252513B80087EA5F /* CapturePhotoSwiftUIUITests */,
			);
		};
/* End PBXProject section */

/* Begin PBXResourcesBuildPhase section */
		2EAC7364252513B60087EA5F /* Resources */ = {
			isa = PBXResourcesBuildPhase;
			buildActionMask = 2147483647;
			files = (
				2EAC7376252513B80087EA5F /* LaunchScreen.storyboard in Resources */,
				2EAC7373252513B80087EA5F /* Preview Assets.xcassets in Resources */,
				2EAC7370252513B80087EA5F /* Assets.xcassets in Resources */,
			);
			runOnlyForDeploymentPostprocessing = 0;
		};
		2EAC737A252513B80087EA5F /* Resources */ = {
			isa = PBXResourcesBuildPhase;
			buildActionMask = 2147483647;
			files = (
			);
			runOnlyForDeploymentPostprocessing = 0;
		};
		2EAC7385252513B80087EA5F /* Resources */ = {
			isa = PBXResourcesBuildPhase;
			buildActionMask = 2147483647;
			files = (
			);
			runOnlyForDeploymentPostprocessing = 0;
		};
/* End PBXResourcesBuildPhase section */

/* Begin PBXSourcesBuildPhase section */
		2EAC7362252513B60087EA5F /* Sources */ = {
			isa = PBXSourcesBuildPhase;
			buildActionMask = 2147483647;
			files = (
				2EAC736A252513B60087EA5F /* AppDelegate.swift in Sources */,
				2EAC739D252513ED0087EA5F /* ImagePicker.swift in Sources */,
				2EAC736C252513B60087EA5F /* SceneDelegate.swift in Sources */,
				2EAC736E252513B60087EA5F /* ContentView.swift in Sources */,
				2EAC73AA2525163F0087EA5F /* PhotoCaptureView.swift in Sources */,
			);
			runOnlyForDeploymentPostprocessing = 0;
		};
		2EAC7378252513B80087EA5F /* Sources */ = {
			isa = PBXSourcesBuildPhase;
			buildActionMask = 2147483647;
			files = (
				2EAC7381252513B80087EA5F /* CapturePhotoSwiftUITests.swift in Sources */,
			);
			runOnlyForDeploymentPostprocessing = 0;
		};
		2EAC7383252513B80087EA5F /* Sources */ = {
			isa = PBXSourcesBuildPhase;
			buildActionMask = 2147483647;
			files = (
				2EAC738C252513B80087EA5F /* CapturePhotoSwiftUIUITests.swift in Sources */,
			);
			runOnlyForDeploymentPostprocessing = 0;
		};
/* End PBXSourcesBuildPhase section */

/* Begin PBXTargetDependency section */
		2EAC737E252513B80087EA5F /* PBXTargetDependency */ = {
			isa = PBXTargetDependency;
			target = 2EAC7365252513B60087EA5F /* CapturePhotoSwiftUI */;
			targetProxy = 2EAC737D252513B80087EA5F /* PBXContainerItemProxy */;
		};
		2EAC7389252513B80087EA5F /* PBXTargetDependency */ = {
			isa = PBXTargetDependency;
			target = 2EAC7365252513B60087EA5F /* CapturePhotoSwiftUI */;
			targetProxy = 2EAC7388252513B80087EA5F /* PBXContainerItemProxy */;
		};
/* End PBXTargetDependency section */

/* Begin PBXVariantGroup section */
		2EAC7374252513B80087EA5F /* LaunchScreen.storyboard */ = {
			isa = PBXVariantGroup;
			children = (
				2EAC7375252513B80087EA5F /* Base */,
			);
			name = LaunchScreen.storyboard;
			sourceTree = "<group>";
		};
/* End PBXVariantGroup section */

/* Begin XCBuildConfiguration section */
		2EAC738E252513B80087EA5F /* Debug */ = {
			isa = XCBuildConfiguration;
			buildSettings = {
				ALWAYS_SEARCH_USER_PATHS = NO;
				CLANG_ANALYZER_NONNULL = YES;
				CLANG_ANALYZER_NUMBER_OBJECT_CONVERSION = YES_AGGRESSIVE;
				CLANG_CXX_LANGUAGE_STANDARD = "gnu++14";
				CLANG_CXX_LIBRARY = "libc++";
				CLANG_ENABLE_MODULES = YES;
				CLANG_ENABLE_OBJC_ARC = YES;
				CLANG_ENABLE_OBJC_WEAK = YES;
				CLANG_WARN_BLOCK_CAPTURE_AUTORELEASING = YES;
				CLANG_WARN_BOOL_CONVERSION = YES;
				CLANG_WARN_COMMA = YES;
				CLANG_WARN_CONSTANT_CONVERSION = YES;
				CLANG_WARN_DEPRECATED_OBJC_IMPLEMENTATIONS = YES;
				CLANG_WARN_DIRECT_OBJC_ISA_USAGE = YES_ERROR;
				CLANG_WARN_DOCUMENTATION_COMMENTS = YES;
				CLANG_WARN_EMPTY_BODY = YES;
				CLANG_WARN_ENUM_CONVERSION = YES;
				CLANG_WARN_INFINITE_RECURSION = YES;
				CLANG_WARN_INT_CONVERSION = YES;
				CLANG_WARN_NON_LITERAL_NULL_CONVERSION = YES;
				CLANG_WARN_OBJC_IMPLICIT_RETAIN_SELF = YES;
				CLANG_WARN_OBJC_LITERAL_CONVERSION = YES;
				CLANG_WARN_OBJC_ROOT_CLASS = YES_ERROR;
				CLANG_WARN_QUOTED_INCLUDE_IN_FRAMEWORK_HEADER = YES;
				CLANG_WARN_RANGE_LOOP_ANALYSIS = YES;
				CLANG_WARN_STRICT_PROTOTYPES = YES;
				CLANG_WARN_SUSPICIOUS_MOVE = YES;
				CLANG_WARN_UNGUARDED_AVAILABILITY = YES_AGGRESSIVE;
				CLANG_WARN_UNREACHABLE_CODE = YES;
				CLANG_WARN__DUPLICATE_METHOD_MATCH = YES;
				COPY_PHASE_STRIP = NO;
				DEBUG_INFORMATION_FORMAT = dwarf;
				ENABLE_STRICT_OBJC_MSGSEND = YES;
				ENABLE_TESTABILITY = YES;
				GCC_C_LANGUAGE_STANDARD = gnu11;
				GCC_DYNAMIC_NO_PIC = NO;
				GCC_NO_COMMON_BLOCKS = YES;
				GCC_OPTIMIZATION_LEVEL = 0;
				GCC_PREPROCESSOR_DEFINITIONS = (
					"DEBUG=1",
					"$(inherited)",
				);
				GCC_WARN_64_TO_32_BIT_CONVERSION = YES;
				GCC_WARN_ABOUT_RETURN_TYPE = YES_ERROR;
				GCC_WARN_UNDECLARED_SELECTOR = YES;
				GCC_WARN_UNINITIALIZED_AUTOS = YES_AGGRESSIVE;
				GCC_WARN_UNUSED_FUNCTION = YES;
				GCC_WARN_UNUSED_VARIABLE = YES;
				IPHONEOS_DEPLOYMENT_TARGET = 14.0;
				MTL_ENABLE_DEBUG_INFO = INCLUDE_SOURCE;
				MTL_FAST_MATH = YES;
				ONLY_ACTIVE_ARCH = YES;
				SDKROOT = iphoneos;
				SWIFT_ACTIVE_COMPILATION_CONDITIONS = DEBUG;
				SWIFT_OPTIMIZATION_LEVEL = "-Onone";
			};
			name = Debug;
		};
		2EAC738F252513B80087EA5F /* Release */ = {
			isa = XCBuildConfiguration;
			buildSettings = {
				ALWAYS_SEARCH_USER_PATHS = NO;
				CLANG_ANALYZER_NONNULL = YES;
				CLANG_ANALYZER_NUMBER_OBJECT_CONVERSION = YES_AGGRESSIVE;
				CLANG_CXX_LANGUAGE_STANDARD = "gnu++14";
				CLANG_CXX_LIBRARY = "libc++";
				CLANG_ENABLE_MODULES = YES;
				CLANG_ENABLE_OBJC_ARC = YES;
				CLANG_ENABLE_OBJC_WEAK = YES;
				CLANG_WARN_BLOCK_CAPTURE_AUTORELEASING = YES;
				CLANG_WARN_BOOL_CONVERSION = YES;
				CLANG_WARN_COMMA = YES;
				CLANG_WARN_CONSTANT_CONVERSION = YES;
				CLANG_WARN_DEPRECATED_OBJC_IMPLEMENTATIONS = YES;
				CLANG_WARN_DIRECT_OBJC_ISA_USAGE = YES_ERROR;
				CLANG_WARN_DOCUMENTATION_COMMENTS = YES;
				CLANG_WARN_EMPTY_BODY = YES;
				CLANG_WARN_ENUM_CONVERSION = YES;
				CLANG_WARN_INFINITE_RECURSION = YES;
				CLANG_WARN_INT_CONVERSION = YES;
				CLANG_WARN_NON_LITERAL_NULL_CONVERSION = YES;
				CLANG_WARN_OBJC_IMPLICIT_RETAIN_SELF = YES;
				CLANG_WARN_OBJC_LITERAL_CONVERSION = YES;
				CLANG_WARN_OBJC_ROOT_CLASS = YES_ERROR;
				CLANG_WARN_QUOTED_INCLUDE_IN_FRAMEWORK_HEADER = YES;
				CLANG_WARN_RANGE_LOOP_ANALYSIS = YES;
				CLANG_WARN_STRICT_PROTOTYPES = YES;
				CLANG_WARN_SUSPICIOUS_MOVE = YES;
				CLANG_WARN_UNGUARDED_AVAILABILITY = YES_AGGRESSIVE;
				CLANG_WARN_UNREACHABLE_CODE = YES;
				CLANG_WARN__DUPLICATE_METHOD_MATCH = YES;
				COPY_PHASE_STRIP = NO;
				DEBUG_INFORMATION_FORMAT = "dwarf-with-dsym";
				ENABLE_NS_ASSERTIONS = NO;
				ENABLE_STRICT_OBJC_MSGSEND = YES;
				GCC_C_LANGUAGE_STANDARD = gnu11;
				GCC_NO_COMMON_BLOCKS = YES;
				GCC_WARN_64_TO_32_BIT_CONVERSION = YES;
				GCC_WARN_ABOUT_RETURN_TYPE = YES_ERROR;
				GCC_WARN_UNDECLARED_SELECTOR = YES;
				GCC_WARN_UNINITIALIZED_AUTOS = YES_AGGRESSIVE;
				GCC_WARN_UNUSED_FUNCTION = YES;
				GCC_WARN_UNUSED_VARIABLE = YES;
				IPHONEOS_DEPLOYMENT_TARGET = 14.0;
				MTL_ENABLE_DEBUG_INFO = NO;
				MTL_FAST_MATH = YES;
				SDKROOT = iphoneos;
				SWIFT_COMPILATION_MODE = wholemodule;
				SWIFT_OPTIMIZATION_LEVEL = "-O";
				VALIDATE_PRODUCT = YES;
			};
			name = Release;
		};
		2EAC7391252513B80087EA5F /* Debug */ = {
			isa = XCBuildConfiguration;
			buildSettings = {
				ASSETCATALOG_COMPILER_APPICON_NAME = AppIcon;
				ASSETCATALOG_COMPILER_GLOBAL_ACCENT_COLOR_NAME = AccentColor;
				CODE_SIGN_STYLE = Automatic;
				DEVELOPMENT_ASSET_PATHS = "\"CapturePhotoSwiftUI/Preview Content\"";
				ENABLE_PREVIEWS = YES;
				INFOPLIST_FILE = CapturePhotoSwiftUI/Info.plist;
				LD_RUNPATH_SEARCH_PATHS = (
					"$(inherited)",
					"@executable_path/Frameworks",
				);
				PRODUCT_BUNDLE_IDENTIFIER = Vineet.CapturePhotoSwiftUI;
				PRODUCT_NAME = "$(TARGET_NAME)";
				SWIFT_VERSION = 5.0;
				TARGETED_DEVICE_FAMILY = "1,2";
			};
			name = Debug;
		};
		2EAC7392252513B80087EA5F /* Release */ = {
			isa = XCBuildConfiguration;
			buildSettings = {
				ASSETCATALOG_COMPILER_APPICON_NAME = AppIcon;
				ASSETCATALOG_COMPILER_GLOBAL_ACCENT_COLOR_NAME = AccentColor;
				CODE_SIGN_STYLE = Automatic;
				DEVELOPMENT_ASSET_PATHS = "\"CapturePhotoSwiftUI/Preview Content\"";
				ENABLE_PREVIEWS = YES;
				INFOPLIST_FILE = CapturePhotoSwiftUI/Info.plist;
				LD_RUNPATH_SEARCH_PATHS = (
					"$(inherited)",
					"@executable_path/Frameworks",
				);
				PRODUCT_BUNDLE_IDENTIFIER = Vineet.CapturePhotoSwiftUI;
				PRODUCT_NAME = "$(TARGET_NAME)";
				SWIFT_VERSION = 5.0;
				TARGETED_DEVICE_FAMILY = "1,2";
			};
			name = Release;
		};
		2EAC7394252513B80087EA5F /* Debug */ = {
			isa = XCBuildConfiguration;
			buildSettings = {
				ALWAYS_EMBED_SWIFT_STANDARD_LIBRARIES = YES;
				BUNDLE_LOADER = "$(TEST_HOST)";
				CODE_SIGN_STYLE = Automatic;
				INFOPLIST_FILE = CapturePhotoSwiftUITests/Info.plist;
				IPHONEOS_DEPLOYMENT_TARGET = 14.0;
				LD_RUNPATH_SEARCH_PATHS = (
					"$(inherited)",
					"@executable_path/Frameworks",
					"@loader_path/Frameworks",
				);
				PRODUCT_BUNDLE_IDENTIFIER = Vineet.CapturePhotoSwiftUITests;
				PRODUCT_NAME = "$(TARGET_NAME)";
				SWIFT_VERSION = 5.0;
				TARGETED_DEVICE_FAMILY = "1,2";
				TEST_HOST = "$(BUILT_PRODUCTS_DIR)/CapturePhotoSwiftUI.app/CapturePhotoSwiftUI";
			};
			name = Debug;
		};
		2EAC7395252513B80087EA5F /* Release */ = {
			isa = XCBuildConfiguration;
			buildSettings = {
				ALWAYS_EMBED_SWIFT_STANDARD_LIBRARIES = YES;
				BUNDLE_LOADER = "$(TEST_HOST)";
				CODE_SIGN_STYLE = Automatic;
				INFOPLIST_FILE = CapturePhotoSwiftUITests/Info.plist;
				IPHONEOS_DEPLOYMENT_TARGET = 14.0;
				LD_RUNPATH_SEARCH_PATHS = (
					"$(inherited)",
					"@executable_path/Frameworks",
					"@loader_path/Frameworks",
				);
				PRODUCT_BUNDLE_IDENTIFIER = Vineet.CapturePhotoSwiftUITests;
				PRODUCT_NAME = "$(TARGET_NAME)";
				SWIFT_VERSION = 5.0;
				TARGETED_DEVICE_FAMILY = "1,2";
				TEST_HOST = "$(BUILT_PRODUCTS_DIR)/CapturePhotoSwiftUI.app/CapturePhotoSwiftUI";
			};
			name = Release;
		};
		2EAC7397252513B80087EA5F /* Debug */ = {
			isa = XCBuildConfiguration;
			buildSettings = {
				ALWAYS_EMBED_SWIFT_STANDARD_LIBRARIES = YES;
				CODE_SIGN_STYLE = Automatic;
				INFOPLIST_FILE = CapturePhotoSwiftUIUITests/Info.plist;
				LD_RUNPATH_SEARCH_PATHS = (
					"$(inherited)",
					"@executable_path/Frameworks",
					"@loader_path/Frameworks",
				);
				PRODUCT_BUNDLE_IDENTIFIER = Vineet.CapturePhotoSwiftUIUITests;
				PRODUCT_NAME = "$(TARGET_NAME)";
				SWIFT_VERSION = 5.0;
				TARGETED_DEVICE_FAMILY = "1,2";
				TEST_TARGET_NAME = CapturePhotoSwiftUI;
			};
			name = Debug;
		};
		2EAC7398252513B80087EA5F /* Release */ = {
			isa = XCBuildConfiguration;
			buildSettings = {
				ALWAYS_EMBED_SWIFT_STANDARD_LIBRARIES = YES;
				CODE_SIGN_STYLE = Automatic;
				INFOPLIST_FILE = CapturePhotoSwiftUIUITests/Info.plist;
				LD_RUNPATH_SEARCH_PATHS = (
					"$(inherited)",
					"@executable_path/Frameworks",
					"@loader_path/Frameworks",
				);
				PRODUCT_BUNDLE_IDENTIFIER = Vineet.CapturePhotoSwiftUIUITests;
				PRODUCT_NAME = "$(TARGET_NAME)";
				SWIFT_VERSION = 5.0;
				TARGETED_DEVICE_FAMILY = "1,2";
				TEST_TARGET_NAME = CapturePhotoSwiftUI;
			};
			name = Release;
		};
/* End XCBuildConfiguration section */

/* Begin XCConfigurationList section */
		2EAC7361252513B60087EA5F /* Build configuration list for PBXProject "CapturePhotoSwiftUI" */ = {
			isa = XCConfigurationList;
			buildConfigurations = (
				2EAC738E252513B80087EA5F /* Debug */,
				2EAC738F252513B80087EA5F /* Release */,
			);
			defaultConfigurationIsVisible = 0;
			defaultConfigurationName = Release;
		};
		2EAC7390252513B80087EA5F /* Build configuration list for PBXNativeTarget "CapturePhotoSwiftUI" */ = {
			isa = XCConfigurationList;
			buildConfigurations = (
				2EAC7391252513B80087EA5F /* Debug */,
				2EAC7392252513B80087EA5F /* Release */,
			);
			defaultConfigurationIsVisible = 0;
			defaultConfigurationName = Release;
		};
		2EAC7393252513B80087EA5F /* Build configuration list for PBXNativeTarget "CapturePhotoSwiftUITests" */ = {
			isa = XCConfigurationList;
			buildConfigurations = (
				2EAC7394252513B80087EA5F /* Debug */,
				2EAC7395252513B80087EA5F /* Release */,
			);
			defaultConfigurationIsVisible = 0;
			defaultConfigurationName = Release;
		};
		2EAC7396252513B80087EA5F /* Build configuration list for PBXNativeTarget "CapturePhotoSwiftUIUITests" */ = {
			isa = XCConfigurationList;
			buildConfigurations = (
				2EAC7397252513B80087EA5F /* Debug */,
				2EAC7398252513B80087EA5F /* Release */,
			);
			defaultConfigurationIsVisible = 0;
			defaultConfigurationName = Release;
		};
/* End XCConfigurationList section */
	};
	rootObject = 2EAC735E252513B60087EA5F /* Project object */;
}
