// !$*UTF8*$!
{
	archiveVersion = 1;
	classes = {
	};
	objectVersion = 50;
	objects = {

/* Begin PBXBuildFile section */
		2EAC743E252520D00087EA5F /* AppDelegate.swift in Sources */ = {isa = PBXBuildFile; fileRef = 2EAC743D252520D00087EA5F /* AppDelegate.swift */; };
		2EAC7440252520D00087EA5F /* SceneDelegate.swift in Sources */ = {isa = PBXBuildFile; fileRef = 2EAC743F252520D00087EA5F /* SceneDelegate.swift */; };
		2EAC7442252520D00087EA5F /* ContentView.swift in Sources */ = {isa = PBXBuildFile; fileRef = 2EAC7441252520D00087EA5F /* ContentView.swift */; };
		2EAC7444252520D20087EA5F /* Assets.xcassets in Resources */ = {isa = PBXBuildFile; fileRef = 2EAC7443252520D20087EA5F /* Assets.xcassets */; };
		2EAC7447252520D20087EA5F /* Preview Assets.xcassets in Resources */ = {isa = PBXBuildFile; fileRef = 2EAC7446252520D20087EA5F /* Preview Assets.xcassets */; };
		2EAC744A252520D20087EA5F /* LaunchScreen.storyboard in Resources */ = {isa = PBXBuildFile; fileRef = 2EAC7448252520D20087EA5F /* LaunchScreen.storyboard */; };
		2EAC7455252520D20087EA5F /* UserDefaultsInSwiftUITests.swift in Sources */ = {isa = PBXBuildFile; fileRef = 2EAC7454252520D20087EA5F /* UserDefaultsInSwiftUITests.swift */; };
		2EAC7460252520D20087EA5F /* UserDefaultsInSwiftUIUITests.swift in Sources */ = {isa = PBXBuildFile; fileRef = 2EAC745F252520D20087EA5F /* UserDefaultsInSwiftUIUITests.swift */; };
		2EAC7471252521DD0087EA5F /* SettingsVM.swift in Sources */ = {isa = PBXBuildFile; fileRef = 2EAC7470252521DD0087EA5F /* SettingsVM.swift */; };
/* End PBXBuildFile section */

/* Begin PBXContainerItemProxy section */
		2EAC7451252520D20087EA5F /* PBXContainerItemProxy */ = {
			isa = PBXContainerItemProxy;
			containerPortal = 2EAC7432252520D00087EA5F /* Project object */;
			proxyType = 1;
			remoteGlobalIDString = 2EAC7439252520D00087EA5F;
			remoteInfo = UserDefaultsInSwiftUI;
		};
		2EAC745C252520D20087EA5F /* PBXContainerItemProxy */ = {
			isa = PBXContainerItemProxy;
			containerPortal = 2EAC7432252520D00087EA5F /* Project object */;
			proxyType = 1;
			remoteGlobalIDString = 2EAC7439252520D00087EA5F;
			remoteInfo = UserDefaultsInSwiftUI;
		};
/* End PBXContainerItemProxy section */

/* Begin PBXFileReference section */
		2EAC743A252520D00087EA5F /* UserDefaultsInSwiftUI.app */ = {isa = PBXFileReference; explicitFileType = wrapper.application; includeInIndex = 0; path = UserDefaultsInSwiftUI.app; sourceTree = BUILT_PRODUCTS_DIR; };
		2EAC743D252520D00087EA5F /* AppDelegate.swift */ = {isa = PBXFileReference; lastKnownFileType = sourcecode.swift; path = AppDelegate.swift; sourceTree = "<group>"; };
		2EAC743F252520D00087EA5F /* SceneDelegate.swift */ = {isa = PBXFileReference; lastKnownFileType = sourcecode.swift; path = SceneDelegate.swift; sourceTree = "<group>"; };
		2EAC7441252520D00087EA5F /* ContentView.swift */ = {isa = PBXFileReference; lastKnownFileType = sourcecode.swift; path = ContentView.swift; sourceTree = "<group>"; };
		2EAC7443252520D20087EA5F /* Assets.xcassets */ = {isa = PBXFileReference; lastKnownFileType = folder.assetcatalog; path = Assets.xcassets; sourceTree = "<group>"; };
		2EAC7446252520D20087EA5F /* Preview Assets.xcassets */ = {isa = PBXFileReference; lastKnownFileType = folder.assetcatalog; path = "Preview Assets.xcassets"; sourceTree = "<group>"; };
		2EAC7449252520D20087EA5F /* Base */ = {isa = PBXFileReference; lastKnownFileType = file.storyboard; name = Base; path = Base.lproj/LaunchScreen.storyboard; sourceTree = "<group>"; };
		2EAC744B252520D20087EA5F /* Info.plist */ = {isa = PBXFileReference; lastKnownFileType = text.plist.xml; path = Info.plist; sourceTree = "<group>"; };
		2EAC7450252520D20087EA5F /* UserDefaultsInSwiftUITests.xctest */ = {isa = PBXFileReference; explicitFileType = wrapper.cfbundle; includeInIndex = 0; path = UserDefaultsInSwiftUITests.xctest; sourceTree = BUILT_PRODUCTS_DIR; };
		2EAC7454252520D20087EA5F /* UserDefaultsInSwiftUITests.swift */ = {isa = PBXFileReference; lastKnownFileType = sourcecode.swift; path = UserDefaultsInSwiftUITests.swift; sourceTree = "<group>"; };
		2EAC7456252520D20087EA5F /* Info.plist */ = {isa = PBXFileReference; lastKnownFileType = text.plist.xml; path = Info.plist; sourceTree = "<group>"; };
		2EAC745B252520D20087EA5F /* UserDefaultsInSwiftUIUITests.xctest */ = {isa = PBXFileReference; explicitFileType = wrapper.cfbundle; includeInIndex = 0; path = UserDefaultsInSwiftUIUITests.xctest; sourceTree = BUILT_PRODUCTS_DIR; };
		2EAC745F252520D20087EA5F /* UserDefaultsInSwiftUIUITests.swift */ = {isa = PBXFileReference; lastKnownFileType = sourcecode.swift; path = UserDefaultsInSwiftUIUITests.swift; sourceTree = "<group>"; };
		2EAC7461252520D20087EA5F /* Info.plist */ = {isa = PBXFileReference; lastKnownFileType = text.plist.xml; path = Info.plist; sourceTree = "<group>"; };
		2EAC7470252521DD0087EA5F /* SettingsVM.swift */ = {isa = PBXFileReference; lastKnownFileType = sourcecode.swift; path = SettingsVM.swift; sourceTree = "<group>"; };
/* End PBXFileReference section */

/* Begin PBXFrameworksBuildPhase section */
		2EAC7437252520D00087EA5F /* Frameworks */ = {
			isa = PBXFrameworksBuildPhase;
			buildActionMask = 2147483647;
			files = (
			);
			runOnlyForDeploymentPostprocessing = 0;
		};
		2EAC744D252520D20087EA5F /* Frameworks */ = {
			isa = PBXFrameworksBuildPhase;
			buildActionMask = 2147483647;
			files = (
			);
			runOnlyForDeploymentPostprocessing = 0;
		};
		2EAC7458252520D20087EA5F /* Frameworks */ = {
			isa = PBXFrameworksBuildPhase;
			buildActionMask = 2147483647;
			files = (
			);
			runOnlyForDeploymentPostprocessing = 0;
		};
/* End PBXFrameworksBuildPhase section */

/* Begin PBXGroup section */
		2EAC7431252520D00087EA5F = {
			isa = PBXGroup;
			children = (
				2EAC743C252520D00087EA5F /* UserDefaultsInSwiftUI */,
				2EAC7453252520D20087EA5F /* UserDefaultsInSwiftUITests */,
				2EAC745E252520D20087EA5F /* UserDefaultsInSwiftUIUITests */,
				2EAC743B252520D00087EA5F /* Products */,
			);
			sourceTree = "<group>";
		};
		2EAC743B252520D00087EA5F /* Products */ = {
			isa = PBXGroup;
			children = (
				2EAC743A252520D00087EA5F /* UserDefaultsInSwiftUI.app */,
				2EAC7450252520D20087EA5F /* UserDefaultsInSwiftUITests.xctest */,
				2EAC745B252520D20087EA5F /* UserDefaultsInSwiftUIUITests.xctest */,
			);
			name = Products;
			sourceTree = "<group>";
		};
		2EAC743C252520D00087EA5F /* UserDefaultsInSwiftUI */ = {
			isa = PBXGroup;
			children = (
				2EAC743D252520D00087EA5F /* AppDelegate.swift */,
				2EAC743F252520D00087EA5F /* SceneDelegate.swift */,
				2EAC7441252520D00087EA5F /* ContentView.swift */,
				2EAC7470252521DD0087EA5F /* SettingsVM.swift */,
				2EAC7443252520D20087EA5F /* Assets.xcassets */,
				2EAC7448252520D20087EA5F /* LaunchScreen.storyboard */,
				2EAC744B252520D20087EA5F /* Info.plist */,
				2EAC7445252520D20087EA5F /* Preview Content */,
			);
			path = UserDefaultsInSwiftUI;
			sourceTree = "<group>";
		};
		2EAC7445252520D20087EA5F /* Preview Content */ = {
			isa = PBXGroup;
			children = (
				2EAC7446252520D20087EA5F /* Preview Assets.xcassets */,
			);
			path = "Preview Content";
			sourceTree = "<group>";
		};
		2EAC7453252520D20087EA5F /* UserDefaultsInSwiftUITests */ = {
			isa = PBXGroup;
			children = (
				2EAC7454252520D20087EA5F /* UserDefaultsInSwiftUITests.swift */,
				2EAC7456252520D20087EA5F /* Info.plist */,
			);
			path = UserDefaultsInSwiftUITests;
			sourceTree = "<group>";
		};
		2EAC745E252520D20087EA5F /* UserDefaultsInSwiftUIUITests */ = {
			isa = PBXGroup;
			children = (
				2EAC745F252520D20087EA5F /* UserDefaultsInSwiftUIUITests.swift */,
				2EAC7461252520D20087EA5F /* Info.plist */,
			);
			path = UserDefaultsInSwiftUIUITests;
			sourceTree = "<group>";
		};
/* End PBXGroup section */

/* Begin PBXNativeTarget section */
		2EAC7439252520D00087EA5F /* UserDefaultsInSwiftUI */ = {
			isa = PBXNativeTarget;
			buildConfigurationList = 2EAC7464252520D20087EA5F /* Build configuration list for PBXNativeTarget "UserDefaultsInSwiftUI" */;
			buildPhases = (
				2EAC7436252520D00087EA5F /* Sources */,
				2EAC7437252520D00087EA5F /* Frameworks */,
				2EAC7438252520D00087EA5F /* Resources */,
			);
			buildRules = (
			);
			dependencies = (
			);
			name = UserDefaultsInSwiftUI;
			productName = UserDefaultsInSwiftUI;
			productReference = 2EAC743A252520D00087EA5F /* UserDefaultsInSwiftUI.app */;
			productType = "com.apple.product-type.application";
		};
		2EAC744F252520D20087EA5F /* UserDefaultsInSwiftUITests */ = {
			isa = PBXNativeTarget;
			buildConfigurationList = 2EAC7467252520D20087EA5F /* Build configuration list for PBXNativeTarget "UserDefaultsInSwiftUITests" */;
			buildPhases = (
				2EAC744C252520D20087EA5F /* Sources */,
				2EAC744D252520D20087EA5F /* Frameworks */,
				2EAC744E252520D20087EA5F /* Resources */,
			);
			buildRules = (
			);
			dependencies = (
				2EAC7452252520D20087EA5F /* PBXTargetDependency */,
			);
			name = UserDefaultsInSwiftUITests;
			productName = UserDefaultsInSwiftUITests;
			productReference = 2EAC7450252520D20087EA5F /* UserDefaultsInSwiftUITests.xctest */;
			productType = "com.apple.product-type.bundle.unit-test";
		};
		2EAC745A252520D20087EA5F /* UserDefaultsInSwiftUIUITests */ = {
			isa = PBXNativeTarget;
			buildConfigurationList = 2EAC746A252520D20087EA5F /* Build configuration list for PBXNativeTarget "UserDefaultsInSwiftUIUITests" */;
			buildPhases = (
				2EAC7457252520D20087EA5F /* Sources */,
				2EAC7458252520D20087EA5F /* Frameworks */,
				2EAC7459252520D20087EA5F /* Resources */,
			);
			buildRules = (
			);
			dependencies = (
				2EAC745D252520D20087EA5F /* PBXTargetDependency */,
			);
			name = UserDefaultsInSwiftUIUITests;
			productName = UserDefaultsInSwiftUIUITests;
			productReference = 2EAC745B252520D20087EA5F /* UserDefaultsInSwiftUIUITests.xctest */;
			productType = "com.apple.product-type.bundle.ui-testing";
		};
/* End PBXNativeTarget section */

/* Begin PBXProject section */
		2EAC7432252520D00087EA5F /* Project object */ = {
			isa = PBXProject;
			attributes = {
				LastSwiftUpdateCheck = 1200;
				LastUpgradeCheck = 1200;
				TargetAttributes = {
					2EAC7439252520D00087EA5F = {
						CreatedOnToolsVersion = 12.0;
					};
					2EAC744F252520D20087EA5F = {
						CreatedOnToolsVersion = 12.0;
						TestTargetID = 2EAC7439252520D00087EA5F;
					};
					2EAC745A252520D20087EA5F = {
						CreatedOnToolsVersion = 12.0;
						TestTargetID = 2EAC7439252520D00087EA5F;
					};
				};
			};
			buildConfigurationList = 2EAC7435252520D00087EA5F /* Build configuration list for PBXProject "UserDefaultsInSwiftUI" */;
			compatibilityVersion = "Xcode 9.3";
			developmentRegion = en;
			hasScannedForEncodings = 0;
			knownRegions = (
				en,
				Base,
			);
			mainGroup = 2EAC7431252520D00087EA5F;
			productRefGroup = 2EAC743B252520D00087EA5F /* Products */;
			projectDirPath = "";
			projectRoot = "";
			targets = (
				2EAC7439252520D00087EA5F /* UserDefaultsInSwiftUI */,
				2EAC744F252520D20087EA5F /* UserDefaultsInSwiftUITests */,
				2EAC745A252520D20087EA5F /* UserDefaultsInSwiftUIUITests */,
			);
		};
/* End PBXProject section */

/* Begin PBXResourcesBuildPhase section */
		2EAC7438252520D00087EA5F /* Resources */ = {
			isa = PBXResourcesBuildPhase;
			buildActionMask = 2147483647;
			files = (
				2EAC744A252520D20087EA5F /* LaunchScreen.storyboard in Resources */,
				2EAC7447252520D20087EA5F /* Preview Assets.xcassets in Resources */,
				2EAC7444252520D20087EA5F /* Assets.xcassets in Resources */,
			);
			runOnlyForDeploymentPostprocessing = 0;
		};
		2EAC744E252520D20087EA5F /* Resources */ = {
			isa = PBXResourcesBuildPhase;
			buildActionMask = 2147483647;
			files = (
			);
			runOnlyForDeploymentPostprocessing = 0;
		};
		2EAC7459252520D20087EA5F /* Resources */ = {
			isa = PBXResourcesBuildPhase;
			buildActionMask = 2147483647;
			files = (
			);
			runOnlyForDeploymentPostprocessing = 0;
		};
/* End PBXResourcesBuildPhase section */

/* Begin PBXSourcesBuildPhase section */
		2EAC7436252520D00087EA5F /* Sources */ = {
			isa = PBXSourcesBuildPhase;
			buildActionMask = 2147483647;
			files = (
				2EAC743E252520D00087EA5F /* AppDelegate.swift in Sources */,
				2EAC7440252520D00087EA5F /* SceneDelegate.swift in Sources */,
				2EAC7442252520D00087EA5F /* ContentView.swift in Sources */,
				2EAC7471252521DD0087EA5F /* SettingsVM.swift in Sources */,
			);
			runOnlyForDeploymentPostprocessing = 0;
		};
		2EAC744C252520D20087EA5F /* Sources */ = {
			isa = PBXSourcesBuildPhase;
			buildActionMask = 2147483647;
			files = (
				2EAC7455252520D20087EA5F /* UserDefaultsInSwiftUITests.swift in Sources */,
			);
			runOnlyForDeploymentPostprocessing = 0;
		};
		2EAC7457252520D20087EA5F /* Sources */ = {
			isa = PBXSourcesBuildPhase;
			buildActionMask = 2147483647;
			files = (
				2EAC7460252520D20087EA5F /* UserDefaultsInSwiftUIUITests.swift in Sources */,
			);
			runOnlyForDeploymentPostprocessing = 0;
		};
/* End PBXSourcesBuildPhase section */

/* Begin PBXTargetDependency section */
		2EAC7452252520D20087EA5F /* PBXTargetDependency */ = {
			isa = PBXTargetDependency;
			target = 2EAC7439252520D00087EA5F /* UserDefaultsInSwiftUI */;
			targetProxy = 2EAC7451252520D20087EA5F /* PBXContainerItemProxy */;
		};
		2EAC745D252520D20087EA5F /* PBXTargetDependency */ = {
			isa = PBXTargetDependency;
			target = 2EAC7439252520D00087EA5F /* UserDefaultsInSwiftUI */;
			targetProxy = 2EAC745C252520D20087EA5F /* PBXContainerItemProxy */;
		};
/* End PBXTargetDependency section */

/* Begin PBXVariantGroup section */
		2EAC7448252520D20087EA5F /* LaunchScreen.storyboard */ = {
			isa = PBXVariantGroup;
			children = (
				2EAC7449252520D20087EA5F /* Base */,
			);
			name = LaunchScreen.storyboard;
			sourceTree = "<group>";
		};
/* End PBXVariantGroup section */

/* Begin XCBuildConfiguration section */
		2EAC7462252520D20087EA5F /* Debug */ = {
			isa = XCBuildConfiguration;
			buildSettings = {
				ALWAYS_SEARCH_USER_PATHS = NO;
				CLANG_ANALYZER_NONNULL = YES;
				CLANG_ANALYZER_NUMBER_OBJECT_CONVERSION = YES_AGGRESSIVE;
				CLANG_CXX_LANGUAGE_STANDARD = "gnu++14";
				CLANG_CXX_LIBRARY = "libc++";
				CLANG_ENABLE_MODULES = YES;
				CLANG_ENABLE_OBJC_ARC = YES;
				CLANG_ENABLE_OBJC_WEAK = YES;
				CLANG_WARN_BLOCK_CAPTURE_AUTORELEASING = YES;
				CLANG_WARN_BOOL_CONVERSION = YES;
				CLANG_WARN_COMMA = YES;
				CLANG_WARN_CONSTANT_CONVERSION = YES;
				CLANG_WARN_DEPRECATED_OBJC_IMPLEMENTATIONS = YES;
				CLANG_WARN_DIRECT_OBJC_ISA_USAGE = YES_ERROR;
				CLANG_WARN_DOCUMENTATION_COMMENTS = YES;
				CLANG_WARN_EMPTY_BODY = YES;
				CLANG_WARN_ENUM_CONVERSION = YES;
				CLANG_WARN_INFINITE_RECURSION = YES;
				CLANG_WARN_INT_CONVERSION = YES;
				CLANG_WARN_NON_LITERAL_NULL_CONVERSION = YES;
				CLANG_WARN_OBJC_IMPLICIT_RETAIN_SELF = YES;
				CLANG_WARN_OBJC_LITERAL_CONVERSION = YES;
				CLANG_WARN_OBJC_ROOT_CLASS = YES_ERROR;
				CLANG_WARN_QUOTED_INCLUDE_IN_FRAMEWORK_HEADER = YES;
				CLANG_WARN_RANGE_LOOP_ANALYSIS = YES;
				CLANG_WARN_STRICT_PROTOTYPES = YES;
				CLANG_WARN_SUSPICIOUS_MOVE = YES;
				CLANG_WARN_UNGUARDED_AVAILABILITY = YES_AGGRESSIVE;
				CLANG_WARN_UNREACHABLE_CODE = YES;
				CLANG_WARN__DUPLICATE_METHOD_MATCH = YES;
				COPY_PHASE_STRIP = NO;
				DEBUG_INFORMATION_FORMAT = dwarf;
				ENABLE_STRICT_OBJC_MSGSEND = YES;
				ENABLE_TESTABILITY = YES;
				GCC_C_LANGUAGE_STANDARD = gnu11;
				GCC_DYNAMIC_NO_PIC = NO;
				GCC_NO_COMMON_BLOCKS = YES;
				GCC_OPTIMIZATION_LEVEL = 0;
				GCC_PREPROCESSOR_DEFINITIONS = (
					"DEBUG=1",
					"$(inherited)",
				);
				GCC_WARN_64_TO_32_BIT_CONVERSION = YES;
				GCC_WARN_ABOUT_RETURN_TYPE = YES_ERROR;
				GCC_WARN_UNDECLARED_SELECTOR = YES;
				GCC_WARN_UNINITIALIZED_AUTOS = YES_AGGRESSIVE;
				GCC_WARN_UNUSED_FUNCTION = YES;
				GCC_WARN_UNUSED_VARIABLE = YES;
				IPHONEOS_DEPLOYMENT_TARGET = 14.0;
				MTL_ENABLE_DEBUG_INFO = INCLUDE_SOURCE;
				MTL_FAST_MATH = YES;
				ONLY_ACTIVE_ARCH = YES;
				SDKROOT = iphoneos;
				SWIFT_ACTIVE_COMPILATION_CONDITIONS = DEBUG;
				SWIFT_OPTIMIZATION_LEVEL = "-Onone";
			};
			name = Debug;
		};
		2EAC7463252520D20087EA5F /* Release */ = {
			isa = XCBuildConfiguration;
			buildSettings = {
				ALWAYS_SEARCH_USER_PATHS = NO;
				CLANG_ANALYZER_NONNULL = YES;
				CLANG_ANALYZER_NUMBER_OBJECT_CONVERSION = YES_AGGRESSIVE;
				CLANG_CXX_LANGUAGE_STANDARD = "gnu++14";
				CLANG_CXX_LIBRARY = "libc++";
				CLANG_ENABLE_MODULES = YES;
				CLANG_ENABLE_OBJC_ARC = YES;
				CLANG_ENABLE_OBJC_WEAK = YES;
				CLANG_WARN_BLOCK_CAPTURE_AUTORELEASING = YES;
				CLANG_WARN_BOOL_CONVERSION = YES;
				CLANG_WARN_COMMA = YES;
				CLANG_WARN_CONSTANT_CONVERSION = YES;
				CLANG_WARN_DEPRECATED_OBJC_IMPLEMENTATIONS = YES;
				CLANG_WARN_DIRECT_OBJC_ISA_USAGE = YES_ERROR;
				CLANG_WARN_DOCUMENTATION_COMMENTS = YES;
				CLANG_WARN_EMPTY_BODY = YES;
				CLANG_WARN_ENUM_CONVERSION = YES;
				CLANG_WARN_INFINITE_RECURSION = YES;
				CLANG_WARN_INT_CONVERSION = YES;
				CLANG_WARN_NON_LITERAL_NULL_CONVERSION = YES;
				CLANG_WARN_OBJC_IMPLICIT_RETAIN_SELF = YES;
				CLANG_WARN_OBJC_LITERAL_CONVERSION = YES;
				CLANG_WARN_OBJC_ROOT_CLASS = YES_ERROR;
				CLANG_WARN_QUOTED_INCLUDE_IN_FRAMEWORK_HEADER = YES;
				CLANG_WARN_RANGE_LOOP_ANALYSIS = YES;
				CLANG_WARN_STRICT_PROTOTYPES = YES;
				CLANG_WARN_SUSPICIOUS_MOVE = YES;
				CLANG_WARN_UNGUARDED_AVAILABILITY = YES_AGGRESSIVE;
				CLANG_WARN_UNREACHABLE_CODE = YES;
				CLANG_WARN__DUPLICATE_METHOD_MATCH = YES;
				COPY_PHASE_STRIP = NO;
				DEBUG_INFORMATION_FORMAT = "dwarf-with-dsym";
				ENABLE_NS_ASSERTIONS = NO;
				ENABLE_STRICT_OBJC_MSGSEND = YES;
				GCC_C_LANGUAGE_STANDARD = gnu11;
				GCC_NO_COMMON_BLOCKS = YES;
				GCC_WARN_64_TO_32_BIT_CONVERSION = YES;
				GCC_WARN_ABOUT_RETURN_TYPE = YES_ERROR;
				GCC_WARN_UNDECLARED_SELECTOR = YES;
				GCC_WARN_UNINITIALIZED_AUTOS = YES_AGGRESSIVE;
				GCC_WARN_UNUSED_FUNCTION = YES;
				GCC_WARN_UNUSED_VARIABLE = YES;
				IPHONEOS_DEPLOYMENT_TARGET = 14.0;
				MTL_ENABLE_DEBUG_INFO = NO;
				MTL_FAST_MATH = YES;
				SDKROOT = iphoneos;
				SWIFT_COMPILATION_MODE = wholemodule;
				SWIFT_OPTIMIZATION_LEVEL = "-O";
				VALIDATE_PRODUCT = YES;
			};
			name = Release;
		};
		2EAC7465252520D20087EA5F /* Debug */ = {
			isa = XCBuildConfiguration;
			buildSettings = {
				ASSETCATALOG_COMPILER_APPICON_NAME = AppIcon;
				ASSETCATALOG_COMPILER_GLOBAL_ACCENT_COLOR_NAME = AccentColor;
				CODE_SIGN_STYLE = Automatic;
				DEVELOPMENT_ASSET_PATHS = "\"UserDefaultsInSwiftUI/Preview Content\"";
				ENABLE_PREVIEWS = YES;
				INFOPLIST_FILE = UserDefaultsInSwiftUI/Info.plist;
				LD_RUNPATH_SEARCH_PATHS = (
					"$(inherited)",
					"@executable_path/Frameworks",
				);
				PRODUCT_BUNDLE_IDENTIFIER = Vineet.UserDefaultsInSwiftUI;
				PRODUCT_NAME = "$(TARGET_NAME)";
				SWIFT_VERSION = 5.0;
				TARGETED_DEVICE_FAMILY = "1,2";
			};
			name = Debug;
		};
		2EAC7466252520D20087EA5F /* Release */ = {
			isa = XCBuildConfiguration;
			buildSettings = {
				ASSETCATALOG_COMPILER_APPICON_NAME = AppIcon;
				ASSETCATALOG_COMPILER_GLOBAL_ACCENT_COLOR_NAME = AccentColor;
				CODE_SIGN_STYLE = Automatic;
				DEVELOPMENT_ASSET_PATHS = "\"UserDefaultsInSwiftUI/Preview Content\"";
				ENABLE_PREVIEWS = YES;
				INFOPLIST_FILE = UserDefaultsInSwiftUI/Info.plist;
				LD_RUNPATH_SEARCH_PATHS = (
					"$(inherited)",
					"@executable_path/Frameworks",
				);
				PRODUCT_BUNDLE_IDENTIFIER = Vineet.UserDefaultsInSwiftUI;
				PRODUCT_NAME = "$(TARGET_NAME)";
				SWIFT_VERSION = 5.0;
				TARGETED_DEVICE_FAMILY = "1,2";
			};
			name = Release;
		};
		2EAC7468252520D20087EA5F /* Debug */ = {
			isa = XCBuildConfiguration;
			buildSettings = {
				ALWAYS_EMBED_SWIFT_STANDARD_LIBRARIES = YES;
				BUNDLE_LOADER = "$(TEST_HOST)";
				CODE_SIGN_STYLE = Automatic;
				INFOPLIST_FILE = UserDefaultsInSwiftUITests/Info.plist;
				IPHONEOS_DEPLOYMENT_TARGET = 14.0;
				LD_RUNPATH_SEARCH_PATHS = (
					"$(inherited)",
					"@executable_path/Frameworks",
					"@loader_path/Frameworks",
				);
				PRODUCT_BUNDLE_IDENTIFIER = Vineet.UserDefaultsInSwiftUITests;
				PRODUCT_NAME = "$(TARGET_NAME)";
				SWIFT_VERSION = 5.0;
				TARGETED_DEVICE_FAMILY = "1,2";
				TEST_HOST = "$(BUILT_PRODUCTS_DIR)/UserDefaultsInSwiftUI.app/UserDefaultsInSwiftUI";
			};
			name = Debug;
		};
		2EAC7469252520D20087EA5F /* Release */ = {
			isa = XCBuildConfiguration;
			buildSettings = {
				ALWAYS_EMBED_SWIFT_STANDARD_LIBRARIES = YES;
				BUNDLE_LOADER = "$(TEST_HOST)";
				CODE_SIGN_STYLE = Automatic;
				INFOPLIST_FILE = UserDefaultsInSwiftUITests/Info.plist;
				IPHONEOS_DEPLOYMENT_TARGET = 14.0;
				LD_RUNPATH_SEARCH_PATHS = (
					"$(inherited)",
					"@executable_path/Frameworks",
					"@loader_path/Frameworks",
				);
				PRODUCT_BUNDLE_IDENTIFIER = Vineet.UserDefaultsInSwiftUITests;
				PRODUCT_NAME = "$(TARGET_NAME)";
				SWIFT_VERSION = 5.0;
				TARGETED_DEVICE_FAMILY = "1,2";
				TEST_HOST = "$(BUILT_PRODUCTS_DIR)/UserDefaultsInSwiftUI.app/UserDefaultsInSwiftUI";
			};
			name = Release;
		};
		2EAC746B252520D20087EA5F /* Debug */ = {
			isa = XCBuildConfiguration;
			buildSettings = {
				ALWAYS_EMBED_SWIFT_STANDARD_LIBRARIES = YES;
				CODE_SIGN_STYLE = Automatic;
				INFOPLIST_FILE = UserDefaultsInSwiftUIUITests/Info.plist;
				LD_RUNPATH_SEARCH_PATHS = (
					"$(inherited)",
					"@executable_path/Frameworks",
					"@loader_path/Frameworks",
				);
				PRODUCT_BUNDLE_IDENTIFIER = Vineet.UserDefaultsInSwiftUIUITests;
				PRODUCT_NAME = "$(TARGET_NAME)";
				SWIFT_VERSION = 5.0;
				TARGETED_DEVICE_FAMILY = "1,2";
				TEST_TARGET_NAME = UserDefaultsInSwiftUI;
			};
			name = Debug;
		};
		2EAC746C252520D20087EA5F /* Release */ = {
			isa = XCBuildConfiguration;
			buildSettings = {
				ALWAYS_EMBED_SWIFT_STANDARD_LIBRARIES = YES;
				CODE_SIGN_STYLE = Automatic;
				INFOPLIST_FILE = UserDefaultsInSwiftUIUITests/Info.plist;
				LD_RUNPATH_SEARCH_PATHS = (
					"$(inherited)",
					"@executable_path/Frameworks",
					"@loader_path/Frameworks",
				);
				PRODUCT_BUNDLE_IDENTIFIER = Vineet.UserDefaultsInSwiftUIUITests;
				PRODUCT_NAME = "$(TARGET_NAME)";
				SWIFT_VERSION = 5.0;
				TARGETED_DEVICE_FAMILY = "1,2";
				TEST_TARGET_NAME = UserDefaultsInSwiftUI;
			};
			name = Release;
		};
/* End XCBuildConfiguration section */

/* Begin XCConfigurationList section */
		2EAC7435252520D00087EA5F /* Build configuration list for PBXProject "UserDefaultsInSwiftUI" */ = {
			isa = XCConfigurationList;
			buildConfigurations = (
				2EAC7462252520D20087EA5F /* Debug */,
				2EAC7463252520D20087EA5F /* Release */,
			);
			defaultConfigurationIsVisible = 0;
			defaultConfigurationName = Release;
		};
		2EAC7464252520D20087EA5F /* Build configuration list for PBXNativeTarget "UserDefaultsInSwiftUI" */ = {
			isa = XCConfigurationList;
			buildConfigurations = (
				2EAC7465252520D20087EA5F /* Debug */,
				2EAC7466252520D20087EA5F /* Release */,
			);
			defaultConfigurationIsVisible = 0;
			defaultConfigurationName = Release;
		};
		2EAC7467252520D20087EA5F /* Build configuration list for PBXNativeTarget "UserDefaultsInSwiftUITests" */ = {
			isa = XCConfigurationList;
			buildConfigurations = (
				2EAC7468252520D20087EA5F /* Debug */,
				2EAC7469252520D20087EA5F /* Release */,
			);
			defaultConfigurationIsVisible = 0;
			defaultConfigurationName = Release;
		};
		2EAC746A252520D20087EA5F /* Build configuration list for PBXNativeTarget "UserDefaultsInSwiftUIUITests" */ = {
			isa = XCConfigurationList;
			buildConfigurations = (
				2EAC746B252520D20087EA5F /* Debug */,
				2EAC746C252520D20087EA5F /* Release */,
			);
			defaultConfigurationIsVisible = 0;
			defaultConfigurationName = Release;
		};
/* End XCConfigurationList section */
	};
	rootObject = 2EAC7432252520D00087EA5F /* Project object */;
}
