// !$*UTF8*$!
{
	archiveVersion = 1;
	classes = {
	};
	objectVersion = 50;
	objects = {

/* Begin PBXBuildFile section */
		2EAC775D25253BBE0087EA5F /* AppDelegate.swift in Sources */ = {isa = PBXBuildFile; fileRef = 2EAC775C25253BBE0087EA5F /* AppDelegate.swift */; };
		2EAC775F25253BBE0087EA5F /* SceneDelegate.swift in Sources */ = {isa = PBXBuildFile; fileRef = 2EAC775E25253BBE0087EA5F /* SceneDelegate.swift */; };
		2EAC776125253BBE0087EA5F /* ContentView.swift in Sources */ = {isa = PBXBuildFile; fileRef = 2EAC776025253BBE0087EA5F /* ContentView.swift */; };
		2EAC776325253BC00087EA5F /* Assets.xcassets in Resources */ = {isa = PBXBuildFile; fileRef = 2EAC776225253BC00087EA5F /* Assets.xcassets */; };
		2EAC776625253BC00087EA5F /* Preview Assets.xcassets in Resources */ = {isa = PBXBuildFile; fileRef = 2EAC776525253BC00087EA5F /* Preview Assets.xcassets */; };
		2EAC776925253BC00087EA5F /* LaunchScreen.storyboard in Resources */ = {isa = PBXBuildFile; fileRef = 2EAC776725253BC00087EA5F /* LaunchScreen.storyboard */; };
		2EAC777425253BC00087EA5F /* CombineAnimationsTests.swift in Sources */ = {isa = PBXBuildFile; fileRef = 2EAC777325253BC00087EA5F /* CombineAnimationsTests.swift */; };
		2EAC777F25253BC00087EA5F /* CombineAnimationsUITests.swift in Sources */ = {isa = PBXBuildFile; fileRef = 2EAC777E25253BC00087EA5F /* CombineAnimationsUITests.swift */; };
/* End PBXBuildFile section */

/* Begin PBXContainerItemProxy section */
		2EAC777025253BC00087EA5F /* PBXContainerItemProxy */ = {
			isa = PBXContainerItemProxy;
			containerPortal = 2EAC775125253BBE0087EA5F /* Project object */;
			proxyType = 1;
			remoteGlobalIDString = 2EAC775825253BBE0087EA5F;
			remoteInfo = CombineAnimations;
		};
		2EAC777B25253BC00087EA5F /* PBXContainerItemProxy */ = {
			isa = PBXContainerItemProxy;
			containerPortal = 2EAC775125253BBE0087EA5F /* Project object */;
			proxyType = 1;
			remoteGlobalIDString = 2EAC775825253BBE0087EA5F;
			remoteInfo = CombineAnimations;
		};
/* End PBXContainerItemProxy section */

/* Begin PBXFileReference section */
		2EAC775925253BBE0087EA5F /* CombineAnimations.app */ = {isa = PBXFileReference; explicitFileType = wrapper.application; includeInIndex = 0; path = CombineAnimations.app; sourceTree = BUILT_PRODUCTS_DIR; };
		2EAC775C25253BBE0087EA5F /* AppDelegate.swift */ = {isa = PBXFileReference; lastKnownFileType = sourcecode.swift; path = AppDelegate.swift; sourceTree = "<group>"; };
		2EAC775E25253BBE0087EA5F /* SceneDelegate.swift */ = {isa = PBXFileReference; lastKnownFileType = sourcecode.swift; path = SceneDelegate.swift; sourceTree = "<group>"; };
		2EAC776025253BBE0087EA5F /* ContentView.swift */ = {isa = PBXFileReference; lastKnownFileType = sourcecode.swift; path = ContentView.swift; sourceTree = "<group>"; };
		2EAC776225253BC00087EA5F /* Assets.xcassets */ = {isa = PBXFileReference; lastKnownFileType = folder.assetcatalog; path = Assets.xcassets; sourceTree = "<group>"; };
		2EAC776525253BC00087EA5F /* Preview Assets.xcassets */ = {isa = PBXFileReference; lastKnownFileType = folder.assetcatalog; path = "Preview Assets.xcassets"; sourceTree = "<group>"; };
		2EAC776825253BC00087EA5F /* Base */ = {isa = PBXFileReference; lastKnownFileType = file.storyboard; name = Base; path = Base.lproj/LaunchScreen.storyboard; sourceTree = "<group>"; };
		2EAC776A25253BC00087EA5F /* Info.plist */ = {isa = PBXFileReference; lastKnownFileType = text.plist.xml; path = Info.plist; sourceTree = "<group>"; };
		2EAC776F25253BC00087EA5F /* CombineAnimationsTests.xctest */ = {isa = PBXFileReference; explicitFileType = wrapper.cfbundle; includeInIndex = 0; path = CombineAnimationsTests.xctest; sourceTree = BUILT_PRODUCTS_DIR; };
		2EAC777325253BC00087EA5F /* CombineAnimationsTests.swift */ = {isa = PBXFileReference; lastKnownFileType = sourcecode.swift; path = CombineAnimationsTests.swift; sourceTree = "<group>"; };
		2EAC777525253BC00087EA5F /* Info.plist */ = {isa = PBXFileReference; lastKnownFileType = text.plist.xml; path = Info.plist; sourceTree = "<group>"; };
		2EAC777A25253BC00087EA5F /* CombineAnimationsUITests.xctest */ = {isa = PBXFileReference; explicitFileType = wrapper.cfbundle; includeInIndex = 0; path = CombineAnimationsUITests.xctest; sourceTree = BUILT_PRODUCTS_DIR; };
		2EAC777E25253BC00087EA5F /* CombineAnimationsUITests.swift */ = {isa = PBXFileReference; lastKnownFileType = sourcecode.swift; path = CombineAnimationsUITests.swift; sourceTree = "<group>"; };
		2EAC778025253BC00087EA5F /* Info.plist */ = {isa = PBXFileReference; lastKnownFileType = text.plist.xml; path = Info.plist; sourceTree = "<group>"; };
/* End PBXFileReference section */

/* Begin PBXFrameworksBuildPhase section */
		2EAC775625253BBE0087EA5F /* Frameworks */ = {
			isa = PBXFrameworksBuildPhase;
			buildActionMask = 2147483647;
			files = (
			);
			runOnlyForDeploymentPostprocessing = 0;
		};
		2EAC776C25253BC00087EA5F /* Frameworks */ = {
			isa = PBXFrameworksBuildPhase;
			buildActionMask = 2147483647;
			files = (
			);
			runOnlyForDeploymentPostprocessing = 0;
		};
		2EAC777725253BC00087EA5F /* Frameworks */ = {
			isa = PBXFrameworksBuildPhase;
			buildActionMask = 2147483647;
			files = (
			);
			runOnlyForDeploymentPostprocessing = 0;
		};
/* End PBXFrameworksBuildPhase section */

/* Begin PBXGroup section */
		2EAC775025253BBE0087EA5F = {
			isa = PBXGroup;
			children = (
				2EAC775B25253BBE0087EA5F /* CombineAnimations */,
				2EAC777225253BC00087EA5F /* CombineAnimationsTests */,
				2EAC777D25253BC00087EA5F /* CombineAnimationsUITests */,
				2EAC775A25253BBE0087EA5F /* Products */,
			);
			sourceTree = "<group>";
		};
		2EAC775A25253BBE0087EA5F /* Products */ = {
			isa = PBXGroup;
			children = (
				2EAC775925253BBE0087EA5F /* CombineAnimations.app */,
				2EAC776F25253BC00087EA5F /* CombineAnimationsTests.xctest */,
				2EAC777A25253BC00087EA5F /* CombineAnimationsUITests.xctest */,
			);
			name = Products;
			sourceTree = "<group>";
		};
		2EAC775B25253BBE0087EA5F /* CombineAnimations */ = {
			isa = PBXGroup;
			children = (
				2EAC775C25253BBE0087EA5F /* AppDelegate.swift */,
				2EAC775E25253BBE0087EA5F /* SceneDelegate.swift */,
				2EAC776025253BBE0087EA5F /* ContentView.swift */,
				2EAC776225253BC00087EA5F /* Assets.xcassets */,
				2EAC776725253BC00087EA5F /* LaunchScreen.storyboard */,
				2EAC776A25253BC00087EA5F /* Info.plist */,
				2EAC776425253BC00087EA5F /* Preview Content */,
			);
			path = CombineAnimations;
			sourceTree = "<group>";
		};
		2EAC776425253BC00087EA5F /* Preview Content */ = {
			isa = PBXGroup;
			children = (
				2EAC776525253BC00087EA5F /* Preview Assets.xcassets */,
			);
			path = "Preview Content";
			sourceTree = "<group>";
		};
		2EAC777225253BC00087EA5F /* CombineAnimationsTests */ = {
			isa = PBXGroup;
			children = (
				2EAC777325253BC00087EA5F /* CombineAnimationsTests.swift */,
				2EAC777525253BC00087EA5F /* Info.plist */,
			);
			path = CombineAnimationsTests;
			sourceTree = "<group>";
		};
		2EAC777D25253BC00087EA5F /* CombineAnimationsUITests */ = {
			isa = PBXGroup;
			children = (
				2EAC777E25253BC00087EA5F /* CombineAnimationsUITests.swift */,
				2EAC778025253BC00087EA5F /* Info.plist */,
			);
			path = CombineAnimationsUITests;
			sourceTree = "<group>";
		};
/* End PBXGroup section */

/* Begin PBXNativeTarget section */
		2EAC775825253BBE0087EA5F /* CombineAnimations */ = {
			isa = PBXNativeTarget;
			buildConfigurationList = 2EAC778325253BC10087EA5F /* Build configuration list for PBXNativeTarget "CombineAnimations" */;
			buildPhases = (
				2EAC775525253BBE0087EA5F /* Sources */,
				2EAC775625253BBE0087EA5F /* Frameworks */,
				2EAC775725253BBE0087EA5F /* Resources */,
			);
			buildRules = (
			);
			dependencies = (
			);
			name = CombineAnimations;
			productName = CombineAnimations;
			productReference = 2EAC775925253BBE0087EA5F /* CombineAnimations.app */;
			productType = "com.apple.product-type.application";
		};
		2EAC776E25253BC00087EA5F /* CombineAnimationsTests */ = {
			isa = PBXNativeTarget;
			buildConfigurationList = 2EAC778625253BC10087EA5F /* Build configuration list for PBXNativeTarget "CombineAnimationsTests" */;
			buildPhases = (
				2EAC776B25253BC00087EA5F /* Sources */,
				2EAC776C25253BC00087EA5F /* Frameworks */,
				2EAC776D25253BC00087EA5F /* Resources */,
			);
			buildRules = (
			);
			dependencies = (
				2EAC777125253BC00087EA5F /* PBXTargetDependency */,
			);
			name = CombineAnimationsTests;
			productName = CombineAnimationsTests;
			productReference = 2EAC776F25253BC00087EA5F /* CombineAnimationsTests.xctest */;
			productType = "com.apple.product-type.bundle.unit-test";
		};
		2EAC777925253BC00087EA5F /* CombineAnimationsUITests */ = {
			isa = PBXNativeTarget;
			buildConfigurationList = 2EAC778925253BC10087EA5F /* Build configuration list for PBXNativeTarget "CombineAnimationsUITests" */;
			buildPhases = (
				2EAC777625253BC00087EA5F /* Sources */,
				2EAC777725253BC00087EA5F /* Frameworks */,
				2EAC777825253BC00087EA5F /* Resources */,
			);
			buildRules = (
			);
			dependencies = (
				2EAC777C25253BC00087EA5F /* PBXTargetDependency */,
			);
			name = CombineAnimationsUITests;
			productName = CombineAnimationsUITests;
			productReference = 2EAC777A25253BC00087EA5F /* CombineAnimationsUITests.xctest */;
			productType = "com.apple.product-type.bundle.ui-testing";
		};
/* End PBXNativeTarget section */

/* Begin PBXProject section */
		2EAC775125253BBE0087EA5F /* Project object */ = {
			isa = PBXProject;
			attributes = {
				LastSwiftUpdateCheck = 1200;
				LastUpgradeCheck = 1200;
				TargetAttributes = {
					2EAC775825253BBE0087EA5F = {
						CreatedOnToolsVersion = 12.0;
					};
					2EAC776E25253BC00087EA5F = {
						CreatedOnToolsVersion = 12.0;
						TestTargetID = 2EAC775825253BBE0087EA5F;
					};
					2EAC777925253BC00087EA5F = {
						CreatedOnToolsVersion = 12.0;
						TestTargetID = 2EAC775825253BBE0087EA5F;
					};
				};
			};
			buildConfigurationList = 2EAC775425253BBE0087EA5F /* Build configuration list for PBXProject "CombineAnimations" */;
			compatibilityVersion = "Xcode 9.3";
			developmentRegion = en;
			hasScannedForEncodings = 0;
			knownRegions = (
				en,
				Base,
			);
			mainGroup = 2EAC775025253BBE0087EA5F;
			productRefGroup = 2EAC775A25253BBE0087EA5F /* Products */;
			projectDirPath = "";
			projectRoot = "";
			targets = (
				2EAC775825253BBE0087EA5F /* CombineAnimations */,
				2EAC776E25253BC00087EA5F /* CombineAnimationsTests */,
				2EAC777925253BC00087EA5F /* CombineAnimationsUITests */,
			);
		};
/* End PBXProject section */

/* Begin PBXResourcesBuildPhase section */
		2EAC775725253BBE0087EA5F /* Resources */ = {
			isa = PBXResourcesBuildPhase;
			buildActionMask = 2147483647;
			files = (
				2EAC776925253BC00087EA5F /* LaunchScreen.storyboard in Resources */,
				2EAC776625253BC00087EA5F /* Preview Assets.xcassets in Resources */,
				2EAC776325253BC00087EA5F /* Assets.xcassets in Resources */,
			);
			runOnlyForDeploymentPostprocessing = 0;
		};
		2EAC776D25253BC00087EA5F /* Resources */ = {
			isa = PBXResourcesBuildPhase;
			buildActionMask = 2147483647;
			files = (
			);
			runOnlyForDeploymentPostprocessing = 0;
		};
		2EAC777825253BC00087EA5F /* Resources */ = {
			isa = PBXResourcesBuildPhase;
			buildActionMask = 2147483647;
			files = (
			);
			runOnlyForDeploymentPostprocessing = 0;
		};
/* End PBXResourcesBuildPhase section */

/* Begin PBXSourcesBuildPhase section */
		2EAC775525253BBE0087EA5F /* Sources */ = {
			isa = PBXSourcesBuildPhase;
			buildActionMask = 2147483647;
			files = (
				2EAC775D25253BBE0087EA5F /* AppDelegate.swift in Sources */,
				2EAC775F25253BBE0087EA5F /* SceneDelegate.swift in Sources */,
				2EAC776125253BBE0087EA5F /* ContentView.swift in Sources */,
			);
			runOnlyForDeploymentPostprocessing = 0;
		};
		2EAC776B25253BC00087EA5F /* Sources */ = {
			isa = PBXSourcesBuildPhase;
			buildActionMask = 2147483647;
			files = (
				2EAC777425253BC00087EA5F /* CombineAnimationsTests.swift in Sources */,
			);
			runOnlyForDeploymentPostprocessing = 0;
		};
		2EAC777625253BC00087EA5F /* Sources */ = {
			isa = PBXSourcesBuildPhase;
			buildActionMask = 2147483647;
			files = (
				2EAC777F25253BC00087EA5F /* CombineAnimationsUITests.swift in Sources */,
			);
			runOnlyForDeploymentPostprocessing = 0;
		};
/* End PBXSourcesBuildPhase section */

/* Begin PBXTargetDependency section */
		2EAC777125253BC00087EA5F /* PBXTargetDependency */ = {
			isa = PBXTargetDependency;
			target = 2EAC775825253BBE0087EA5F /* CombineAnimations */;
			targetProxy = 2EAC777025253BC00087EA5F /* PBXContainerItemProxy */;
		};
		2EAC777C25253BC00087EA5F /* PBXTargetDependency */ = {
			isa = PBXTargetDependency;
			target = 2EAC775825253BBE0087EA5F /* CombineAnimations */;
			targetProxy = 2EAC777B25253BC00087EA5F /* PBXContainerItemProxy */;
		};
/* End PBXTargetDependency section */

/* Begin PBXVariantGroup section */
		2EAC776725253BC00087EA5F /* LaunchScreen.storyboard */ = {
			isa = PBXVariantGroup;
			children = (
				2EAC776825253BC00087EA5F /* Base */,
			);
			name = LaunchScreen.storyboard;
			sourceTree = "<group>";
		};
/* End PBXVariantGroup section */

/* Begin XCBuildConfiguration section */
		2EAC778125253BC10087EA5F /* Debug */ = {
			isa = XCBuildConfiguration;
			buildSettings = {
				ALWAYS_SEARCH_USER_PATHS = NO;
				CLANG_ANALYZER_NONNULL = YES;
				CLANG_ANALYZER_NUMBER_OBJECT_CONVERSION = YES_AGGRESSIVE;
				CLANG_CXX_LANGUAGE_STANDARD = "gnu++14";
				CLANG_CXX_LIBRARY = "libc++";
				CLANG_ENABLE_MODULES = YES;
				CLANG_ENABLE_OBJC_ARC = YES;
				CLANG_ENABLE_OBJC_WEAK = YES;
				CLANG_WARN_BLOCK_CAPTURE_AUTORELEASING = YES;
				CLANG_WARN_BOOL_CONVERSION = YES;
				CLANG_WARN_COMMA = YES;
				CLANG_WARN_CONSTANT_CONVERSION = YES;
				CLANG_WARN_DEPRECATED_OBJC_IMPLEMENTATIONS = YES;
				CLANG_WARN_DIRECT_OBJC_ISA_USAGE = YES_ERROR;
				CLANG_WARN_DOCUMENTATION_COMMENTS = YES;
				CLANG_WARN_EMPTY_BODY = YES;
				CLANG_WARN_ENUM_CONVERSION = YES;
				CLANG_WARN_INFINITE_RECURSION = YES;
				CLANG_WARN_INT_CONVERSION = YES;
				CLANG_WARN_NON_LITERAL_NULL_CONVERSION = YES;
				CLANG_WARN_OBJC_IMPLICIT_RETAIN_SELF = YES;
				CLANG_WARN_OBJC_LITERAL_CONVERSION = YES;
				CLANG_WARN_OBJC_ROOT_CLASS = YES_ERROR;
				CLANG_WARN_QUOTED_INCLUDE_IN_FRAMEWORK_HEADER = YES;
				CLANG_WARN_RANGE_LOOP_ANALYSIS = YES;
				CLANG_WARN_STRICT_PROTOTYPES = YES;
				CLANG_WARN_SUSPICIOUS_MOVE = YES;
				CLANG_WARN_UNGUARDED_AVAILABILITY = YES_AGGRESSIVE;
				CLANG_WARN_UNREACHABLE_CODE = YES;
				CLANG_WARN__DUPLICATE_METHOD_MATCH = YES;
				COPY_PHASE_STRIP = NO;
				DEBUG_INFORMATION_FORMAT = dwarf;
				ENABLE_STRICT_OBJC_MSGSEND = YES;
				ENABLE_TESTABILITY = YES;
				GCC_C_LANGUAGE_STANDARD = gnu11;
				GCC_DYNAMIC_NO_PIC = NO;
				GCC_NO_COMMON_BLOCKS = YES;
				GCC_OPTIMIZATION_LEVEL = 0;
				GCC_PREPROCESSOR_DEFINITIONS = (
					"DEBUG=1",
					"$(inherited)",
				);
				GCC_WARN_64_TO_32_BIT_CONVERSION = YES;
				GCC_WARN_ABOUT_RETURN_TYPE = YES_ERROR;
				GCC_WARN_UNDECLARED_SELECTOR = YES;
				GCC_WARN_UNINITIALIZED_AUTOS = YES_AGGRESSIVE;
				GCC_WARN_UNUSED_FUNCTION = YES;
				GCC_WARN_UNUSED_VARIABLE = YES;
				IPHONEOS_DEPLOYMENT_TARGET = 14.0;
				MTL_ENABLE_DEBUG_INFO = INCLUDE_SOURCE;
				MTL_FAST_MATH = YES;
				ONLY_ACTIVE_ARCH = YES;
				SDKROOT = iphoneos;
				SWIFT_ACTIVE_COMPILATION_CONDITIONS = DEBUG;
				SWIFT_OPTIMIZATION_LEVEL = "-Onone";
			};
			name = Debug;
		};
		2EAC778225253BC10087EA5F /* Release */ = {
			isa = XCBuildConfiguration;
			buildSettings = {
				ALWAYS_SEARCH_USER_PATHS = NO;
				CLANG_ANALYZER_NONNULL = YES;
				CLANG_ANALYZER_NUMBER_OBJECT_CONVERSION = YES_AGGRESSIVE;
				CLANG_CXX_LANGUAGE_STANDARD = "gnu++14";
				CLANG_CXX_LIBRARY = "libc++";
				CLANG_ENABLE_MODULES = YES;
				CLANG_ENABLE_OBJC_ARC = YES;
				CLANG_ENABLE_OBJC_WEAK = YES;
				CLANG_WARN_BLOCK_CAPTURE_AUTORELEASING = YES;
				CLANG_WARN_BOOL_CONVERSION = YES;
				CLANG_WARN_COMMA = YES;
				CLANG_WARN_CONSTANT_CONVERSION = YES;
				CLANG_WARN_DEPRECATED_OBJC_IMPLEMENTATIONS = YES;
				CLANG_WARN_DIRECT_OBJC_ISA_USAGE = YES_ERROR;
				CLANG_WARN_DOCUMENTATION_COMMENTS = YES;
				CLANG_WARN_EMPTY_BODY = YES;
				CLANG_WARN_ENUM_CONVERSION = YES;
				CLANG_WARN_INFINITE_RECURSION = YES;
				CLANG_WARN_INT_CONVERSION = YES;
				CLANG_WARN_NON_LITERAL_NULL_CONVERSION = YES;
				CLANG_WARN_OBJC_IMPLICIT_RETAIN_SELF = YES;
				CLANG_WARN_OBJC_LITERAL_CONVERSION = YES;
				CLANG_WARN_OBJC_ROOT_CLASS = YES_ERROR;
				CLANG_WARN_QUOTED_INCLUDE_IN_FRAMEWORK_HEADER = YES;
				CLANG_WARN_RANGE_LOOP_ANALYSIS = YES;
				CLANG_WARN_STRICT_PROTOTYPES = YES;
				CLANG_WARN_SUSPICIOUS_MOVE = YES;
				CLANG_WARN_UNGUARDED_AVAILABILITY = YES_AGGRESSIVE;
				CLANG_WARN_UNREACHABLE_CODE = YES;
				CLANG_WARN__DUPLICATE_METHOD_MATCH = YES;
				COPY_PHASE_STRIP = NO;
				DEBUG_INFORMATION_FORMAT = "dwarf-with-dsym";
				ENABLE_NS_ASSERTIONS = NO;
				ENABLE_STRICT_OBJC_MSGSEND = YES;
				GCC_C_LANGUAGE_STANDARD = gnu11;
				GCC_NO_COMMON_BLOCKS = YES;
				GCC_WARN_64_TO_32_BIT_CONVERSION = YES;
				GCC_WARN_ABOUT_RETURN_TYPE = YES_ERROR;
				GCC_WARN_UNDECLARED_SELECTOR = YES;
				GCC_WARN_UNINITIALIZED_AUTOS = YES_AGGRESSIVE;
				GCC_WARN_UNUSED_FUNCTION = YES;
				GCC_WARN_UNUSED_VARIABLE = YES;
				IPHONEOS_DEPLOYMENT_TARGET = 14.0;
				MTL_ENABLE_DEBUG_INFO = NO;
				MTL_FAST_MATH = YES;
				SDKROOT = iphoneos;
				SWIFT_COMPILATION_MODE = wholemodule;
				SWIFT_OPTIMIZATION_LEVEL = "-O";
				VALIDATE_PRODUCT = YES;
			};
			name = Release;
		};
		2EAC778425253BC10087EA5F /* Debug */ = {
			isa = XCBuildConfiguration;
			buildSettings = {
				ASSETCATALOG_COMPILER_APPICON_NAME = AppIcon;
				ASSETCATALOG_COMPILER_GLOBAL_ACCENT_COLOR_NAME = AccentColor;
				CODE_SIGN_STYLE = Automatic;
				DEVELOPMENT_ASSET_PATHS = "\"CombineAnimations/Preview Content\"";
				ENABLE_PREVIEWS = YES;
				INFOPLIST_FILE = CombineAnimations/Info.plist;
				LD_RUNPATH_SEARCH_PATHS = (
					"$(inherited)",
					"@executable_path/Frameworks",
				);
				PRODUCT_BUNDLE_IDENTIFIER = Vineet.CombineAnimations;
				PRODUCT_NAME = "$(TARGET_NAME)";
				SWIFT_VERSION = 5.0;
				TARGETED_DEVICE_FAMILY = "1,2";
			};
			name = Debug;
		};
		2EAC778525253BC10087EA5F /* Release */ = {
			isa = XCBuildConfiguration;
			buildSettings = {
				ASSETCATALOG_COMPILER_APPICON_NAME = AppIcon;
				ASSETCATALOG_COMPILER_GLOBAL_ACCENT_COLOR_NAME = AccentColor;
				CODE_SIGN_STYLE = Automatic;
				DEVELOPMENT_ASSET_PATHS = "\"CombineAnimations/Preview Content\"";
				ENABLE_PREVIEWS = YES;
				INFOPLIST_FILE = CombineAnimations/Info.plist;
				LD_RUNPATH_SEARCH_PATHS = (
					"$(inherited)",
					"@executable_path/Frameworks",
				);
				PRODUCT_BUNDLE_IDENTIFIER = Vineet.CombineAnimations;
				PRODUCT_NAME = "$(TARGET_NAME)";
				SWIFT_VERSION = 5.0;
				TARGETED_DEVICE_FAMILY = "1,2";
			};
			name = Release;
		};
		2EAC778725253BC10087EA5F /* Debug */ = {
			isa = XCBuildConfiguration;
			buildSettings = {
				ALWAYS_EMBED_SWIFT_STANDARD_LIBRARIES = YES;
				BUNDLE_LOADER = "$(TEST_HOST)";
				CODE_SIGN_STYLE = Automatic;
				INFOPLIST_FILE = CombineAnimationsTests/Info.plist;
				IPHONEOS_DEPLOYMENT_TARGET = 14.0;
				LD_RUNPATH_SEARCH_PATHS = (
					"$(inherited)",
					"@executable_path/Frameworks",
					"@loader_path/Frameworks",
				);
				PRODUCT_BUNDLE_IDENTIFIER = Vineet.CombineAnimationsTests;
				PRODUCT_NAME = "$(TARGET_NAME)";
				SWIFT_VERSION = 5.0;
				TARGETED_DEVICE_FAMILY = "1,2";
				TEST_HOST = "$(BUILT_PRODUCTS_DIR)/CombineAnimations.app/CombineAnimations";
			};
			name = Debug;
		};
		2EAC778825253BC10087EA5F /* Release */ = {
			isa = XCBuildConfiguration;
			buildSettings = {
				ALWAYS_EMBED_SWIFT_STANDARD_LIBRARIES = YES;
				BUNDLE_LOADER = "$(TEST_HOST)";
				CODE_SIGN_STYLE = Automatic;
				INFOPLIST_FILE = CombineAnimationsTests/Info.plist;
				IPHONEOS_DEPLOYMENT_TARGET = 14.0;
				LD_RUNPATH_SEARCH_PATHS = (
					"$(inherited)",
					"@executable_path/Frameworks",
					"@loader_path/Frameworks",
				);
				PRODUCT_BUNDLE_IDENTIFIER = Vineet.CombineAnimationsTests;
				PRODUCT_NAME = "$(TARGET_NAME)";
				SWIFT_VERSION = 5.0;
				TARGETED_DEVICE_FAMILY = "1,2";
				TEST_HOST = "$(BUILT_PRODUCTS_DIR)/CombineAnimations.app/CombineAnimations";
			};
			name = Release;
		};
		2EAC778A25253BC10087EA5F /* Debug */ = {
			isa = XCBuildConfiguration;
			buildSettings = {
				ALWAYS_EMBED_SWIFT_STANDARD_LIBRARIES = YES;
				CODE_SIGN_STYLE = Automatic;
				INFOPLIST_FILE = CombineAnimationsUITests/Info.plist;
				LD_RUNPATH_SEARCH_PATHS = (
					"$(inherited)",
					"@executable_path/Frameworks",
					"@loader_path/Frameworks",
				);
				PRODUCT_BUNDLE_IDENTIFIER = Vineet.CombineAnimationsUITests;
				PRODUCT_NAME = "$(TARGET_NAME)";
				SWIFT_VERSION = 5.0;
				TARGETED_DEVICE_FAMILY = "1,2";
				TEST_TARGET_NAME = CombineAnimations;
			};
			name = Debug;
		};
		2EAC778B25253BC10087EA5F /* Release */ = {
			isa = XCBuildConfiguration;
			buildSettings = {
				ALWAYS_EMBED_SWIFT_STANDARD_LIBRARIES = YES;
				CODE_SIGN_STYLE = Automatic;
				INFOPLIST_FILE = CombineAnimationsUITests/Info.plist;
				LD_RUNPATH_SEARCH_PATHS = (
					"$(inherited)",
					"@executable_path/Frameworks",
					"@loader_path/Frameworks",
				);
				PRODUCT_BUNDLE_IDENTIFIER = Vineet.CombineAnimationsUITests;
				PRODUCT_NAME = "$(TARGET_NAME)";
				SWIFT_VERSION = 5.0;
				TARGETED_DEVICE_FAMILY = "1,2";
				TEST_TARGET_NAME = CombineAnimations;
			};
			name = Release;
		};
/* End XCBuildConfiguration section */

/* Begin XCConfigurationList section */
		2EAC775425253BBE0087EA5F /* Build configuration list for PBXProject "CombineAnimations" */ = {
			isa = XCConfigurationList;
			buildConfigurations = (
				2EAC778125253BC10087EA5F /* Debug */,
				2EAC778225253BC10087EA5F /* Release */,
			);
			defaultConfigurationIsVisible = 0;
			defaultConfigurationName = Release;
		};
		2EAC778325253BC10087EA5F /* Build configuration list for PBXNativeTarget "CombineAnimations" */ = {
			isa = XCConfigurationList;
			buildConfigurations = (
				2EAC778425253BC10087EA5F /* Debug */,
				2EAC778525253BC10087EA5F /* Release */,
			);
			defaultConfigurationIsVisible = 0;
			defaultConfigurationName = Release;
		};
		2EAC778625253BC10087EA5F /* Build configuration list for PBXNativeTarget "CombineAnimationsTests" */ = {
			isa = XCConfigurationList;
			buildConfigurations = (
				2EAC778725253BC10087EA5F /* Debug */,
				2EAC778825253BC10087EA5F /* Release */,
			);
			defaultConfigurationIsVisible = 0;
			defaultConfigurationName = Release;
		};
		2EAC778925253BC10087EA5F /* Build configuration list for PBXNativeTarget "CombineAnimationsUITests" */ = {
			isa = XCConfigurationList;
			buildConfigurations = (
				2EAC778A25253BC10087EA5F /* Debug */,
				2EAC778B25253BC10087EA5F /* Release */,
			);
			defaultConfigurationIsVisible = 0;
			defaultConfigurationName = Release;
		};
/* End XCConfigurationList section */
	};
	rootObject = 2EAC775125253BBE0087EA5F /* Project object */;
}
