// !$*UTF8*$!
{
	archiveVersion = 1;
	classes = {
	};
	objectVersion = 50;
	objects = {

/* Begin PBXBuildFile section */
		2E93034325226F1D00461BEF /* AppDelegate.swift in Sources */ = {isa = PBXBuildFile; fileRef = 2E93034225226F1D00461BEF /* AppDelegate.swift */; };
		2E93034525226F1D00461BEF /* SceneDelegate.swift in Sources */ = {isa = PBXBuildFile; fileRef = 2E93034425226F1D00461BEF /* SceneDelegate.swift */; };
		2E93034725226F1D00461BEF /* ContentView.swift in Sources */ = {isa = PBXBuildFile; fileRef = 2E93034625226F1D00461BEF /* ContentView.swift */; };
		2E93034925226F1F00461BEF /* Assets.xcassets in Resources */ = {isa = PBXBuildFile; fileRef = 2E93034825226F1F00461BEF /* Assets.xcassets */; };
		2E93034C25226F1F00461BEF /* Preview Assets.xcassets in Resources */ = {isa = PBXBuildFile; fileRef = 2E93034B25226F1F00461BEF /* Preview Assets.xcassets */; };
		2E93034F25226F1F00461BEF /* LaunchScreen.storyboard in Resources */ = {isa = PBXBuildFile; fileRef = 2E93034D25226F1F00461BEF /* LaunchScreen.storyboard */; };
		2E93035A25226F1F00461BEF /* ImageLoaderTests.swift in Sources */ = {isa = PBXBuildFile; fileRef = 2E93035925226F1F00461BEF /* ImageLoaderTests.swift */; };
		2E93036525226F1F00461BEF /* ImageLoaderUITests.swift in Sources */ = {isa = PBXBuildFile; fileRef = 2E93036425226F1F00461BEF /* ImageLoaderUITests.swift */; };
		2E93037625226F2B00461BEF /* URLImage.swift in Sources */ = {isa = PBXBuildFile; fileRef = 2E93037525226F2B00461BEF /* URLImage.swift */; };
		2E93037C25226F3C00461BEF /* ImageLoader.swift in Sources */ = {isa = PBXBuildFile; fileRef = 2E93037B25226F3C00461BEF /* ImageLoader.swift */; };
/* End PBXBuildFile section */

/* Begin PBXContainerItemProxy section */
		2E93035625226F1F00461BEF /* PBXContainerItemProxy */ = {
			isa = PBXContainerItemProxy;
			containerPortal = 2E93033725226F1D00461BEF /* Project object */;
			proxyType = 1;
			remoteGlobalIDString = 2E93033E25226F1D00461BEF;
			remoteInfo = ImageLoader;
		};
		2E93036125226F1F00461BEF /* PBXContainerItemProxy */ = {
			isa = PBXContainerItemProxy;
			containerPortal = 2E93033725226F1D00461BEF /* Project object */;
			proxyType = 1;
			remoteGlobalIDString = 2E93033E25226F1D00461BEF;
			remoteInfo = ImageLoader;
		};
/* End PBXContainerItemProxy section */

/* Begin PBXFileReference section */
		2E93033F25226F1D00461BEF /* ImageLoader.app */ = {isa = PBXFileReference; explicitFileType = wrapper.application; includeInIndex = 0; path = ImageLoader.app; sourceTree = BUILT_PRODUCTS_DIR; };
		2E93034225226F1D00461BEF /* AppDelegate.swift */ = {isa = PBXFileReference; lastKnownFileType = sourcecode.swift; path = AppDelegate.swift; sourceTree = "<group>"; };
		2E93034425226F1D00461BEF /* SceneDelegate.swift */ = {isa = PBXFileReference; lastKnownFileType = sourcecode.swift; path = SceneDelegate.swift; sourceTree = "<group>"; };
		2E93034625226F1D00461BEF /* ContentView.swift */ = {isa = PBXFileReference; lastKnownFileType = sourcecode.swift; path = ContentView.swift; sourceTree = "<group>"; };
		2E93034825226F1F00461BEF /* Assets.xcassets */ = {isa = PBXFileReference; lastKnownFileType = folder.assetcatalog; path = Assets.xcassets; sourceTree = "<group>"; };
		2E93034B25226F1F00461BEF /* Preview Assets.xcassets */ = {isa = PBXFileReference; lastKnownFileType = folder.assetcatalog; path = "Preview Assets.xcassets"; sourceTree = "<group>"; };
		2E93034E25226F1F00461BEF /* Base */ = {isa = PBXFileReference; lastKnownFileType = file.storyboard; name = Base; path = Base.lproj/LaunchScreen.storyboard; sourceTree = "<group>"; };
		2E93035025226F1F00461BEF /* Info.plist */ = {isa = PBXFileReference; lastKnownFileType = text.plist.xml; path = Info.plist; sourceTree = "<group>"; };
		2E93035525226F1F00461BEF /* ImageLoaderTests.xctest */ = {isa = PBXFileReference; explicitFileType = wrapper.cfbundle; includeInIndex = 0; path = ImageLoaderTests.xctest; sourceTree = BUILT_PRODUCTS_DIR; };
		2E93035925226F1F00461BEF /* ImageLoaderTests.swift */ = {isa = PBXFileReference; lastKnownFileType = sourcecode.swift; path = ImageLoaderTests.swift; sourceTree = "<group>"; };
		2E93035B25226F1F00461BEF /* Info.plist */ = {isa = PBXFileReference; lastKnownFileType = text.plist.xml; path = Info.plist; sourceTree = "<group>"; };
		2E93036025226F1F00461BEF /* ImageLoaderUITests.xctest */ = {isa = PBXFileReference; explicitFileType = wrapper.cfbundle; includeInIndex = 0; path = ImageLoaderUITests.xctest; sourceTree = BUILT_PRODUCTS_DIR; };
		2E93036425226F1F00461BEF /* ImageLoaderUITests.swift */ = {isa = PBXFileReference; lastKnownFileType = sourcecode.swift; path = ImageLoaderUITests.swift; sourceTree = "<group>"; };
		2E93036625226F1F00461BEF /* Info.plist */ = {isa = PBXFileReference; lastKnownFileType = text.plist.xml; path = Info.plist; sourceTree = "<group>"; };
		2E93037525226F2B00461BEF /* URLImage.swift */ = {isa = PBXFileReference; fileEncoding = 4; lastKnownFileType = sourcecode.swift; path = URLImage.swift; sourceTree = "<group>"; };
		2E93037B25226F3C00461BEF /* ImageLoader.swift */ = {isa = PBXFileReference; fileEncoding = 4; lastKnownFileType = sourcecode.swift; path = ImageLoader.swift; sourceTree = "<group>"; };
/* End PBXFileReference section */

/* Begin PBXFrameworksBuildPhase section */
		2E93033C25226F1D00461BEF /* Frameworks */ = {
			isa = PBXFrameworksBuildPhase;
			buildActionMask = 2147483647;
			files = (
			);
			runOnlyForDeploymentPostprocessing = 0;
		};
		2E93035225226F1F00461BEF /* Frameworks */ = {
			isa = PBXFrameworksBuildPhase;
			buildActionMask = 2147483647;
			files = (
			);
			runOnlyForDeploymentPostprocessing = 0;
		};
		2E93035D25226F1F00461BEF /* Frameworks */ = {
			isa = PBXFrameworksBuildPhase;
			buildActionMask = 2147483647;
			files = (
			);
			runOnlyForDeploymentPostprocessing = 0;
		};
/* End PBXFrameworksBuildPhase section */

/* Begin PBXGroup section */
		2E93033625226F1D00461BEF = {
			isa = PBXGroup;
			children = (
				2E93034125226F1D00461BEF /* ImageLoader */,
				2E93035825226F1F00461BEF /* ImageLoaderTests */,
				2E93036325226F1F00461BEF /* ImageLoaderUITests */,
				2E93034025226F1D00461BEF /* Products */,
			);
			sourceTree = "<group>";
		};
		2E93034025226F1D00461BEF /* Products */ = {
			isa = PBXGroup;
			children = (
				2E93033F25226F1D00461BEF /* ImageLoader.app */,
				2E93035525226F1F00461BEF /* ImageLoaderTests.xctest */,
				2E93036025226F1F00461BEF /* ImageLoaderUITests.xctest */,
			);
			name = Products;
			sourceTree = "<group>";
		};
		2E93034125226F1D00461BEF /* ImageLoader */ = {
			isa = PBXGroup;
			children = (
				2E93037A25226F3300461BEF /* Services */,
				2E93034225226F1D00461BEF /* AppDelegate.swift */,
				2E93034425226F1D00461BEF /* SceneDelegate.swift */,
				2E93034625226F1D00461BEF /* ContentView.swift */,
				2E93037525226F2B00461BEF /* URLImage.swift */,
				2E93034825226F1F00461BEF /* Assets.xcassets */,
				2E93034D25226F1F00461BEF /* LaunchScreen.storyboard */,
				2E93035025226F1F00461BEF /* Info.plist */,
				2E93034A25226F1F00461BEF /* Preview Content */,
			);
			path = ImageLoader;
			sourceTree = "<group>";
		};
		2E93034A25226F1F00461BEF /* Preview Content */ = {
			isa = PBXGroup;
			children = (
				2E93034B25226F1F00461BEF /* Preview Assets.xcassets */,
			);
			path = "Preview Content";
			sourceTree = "<group>";
		};
		2E93035825226F1F00461BEF /* ImageLoaderTests */ = {
			isa = PBXGroup;
			children = (
				2E93035925226F1F00461BEF /* ImageLoaderTests.swift */,
				2E93035B25226F1F00461BEF /* Info.plist */,
			);
			path = ImageLoaderTests;
			sourceTree = "<group>";
		};
		2E93036325226F1F00461BEF /* ImageLoaderUITests */ = {
			isa = PBXGroup;
			children = (
				2E93036425226F1F00461BEF /* ImageLoaderUITests.swift */,
				2E93036625226F1F00461BEF /* Info.plist */,
			);
			path = ImageLoaderUITests;
			sourceTree = "<group>";
		};
		2E93037A25226F3300461BEF /* Services */ = {
			isa = PBXGroup;
			children = (
				2E93037B25226F3C00461BEF /* ImageLoader.swift */,
			);
			path = Services;
			sourceTree = "<group>";
		};
/* End PBXGroup section */

/* Begin PBXNativeTarget section */
		2E93033E25226F1D00461BEF /* ImageLoader */ = {
			isa = PBXNativeTarget;
			buildConfigurationList = 2E93036925226F1F00461BEF /* Build configuration list for PBXNativeTarget "ImageLoader" */;
			buildPhases = (
				2E93033B25226F1D00461BEF /* Sources */,
				2E93033C25226F1D00461BEF /* Frameworks */,
				2E93033D25226F1D00461BEF /* Resources */,
			);
			buildRules = (
			);
			dependencies = (
			);
			name = ImageLoader;
			productName = ImageLoader;
			productReference = 2E93033F25226F1D00461BEF /* ImageLoader.app */;
			productType = "com.apple.product-type.application";
		};
		2E93035425226F1F00461BEF /* ImageLoaderTests */ = {
			isa = PBXNativeTarget;
			buildConfigurationList = 2E93036C25226F1F00461BEF /* Build configuration list for PBXNativeTarget "ImageLoaderTests" */;
			buildPhases = (
				2E93035125226F1F00461BEF /* Sources */,
				2E93035225226F1F00461BEF /* Frameworks */,
				2E93035325226F1F00461BEF /* Resources */,
			);
			buildRules = (
			);
			dependencies = (
				2E93035725226F1F00461BEF /* PBXTargetDependency */,
			);
			name = ImageLoaderTests;
			productName = ImageLoaderTests;
			productReference = 2E93035525226F1F00461BEF /* ImageLoaderTests.xctest */;
			productType = "com.apple.product-type.bundle.unit-test";
		};
		2E93035F25226F1F00461BEF /* ImageLoaderUITests */ = {
			isa = PBXNativeTarget;
			buildConfigurationList = 2E93036F25226F1F00461BEF /* Build configuration list for PBXNativeTarget "ImageLoaderUITests" */;
			buildPhases = (
				2E93035C25226F1F00461BEF /* Sources */,
				2E93035D25226F1F00461BEF /* Frameworks */,
				2E93035E25226F1F00461BEF /* Resources */,
			);
			buildRules = (
			);
			dependencies = (
				2E93036225226F1F00461BEF /* PBXTargetDependency */,
			);
			name = ImageLoaderUITests;
			productName = ImageLoaderUITests;
			productReference = 2E93036025226F1F00461BEF /* ImageLoaderUITests.xctest */;
			productType = "com.apple.product-type.bundle.ui-testing";
		};
/* End PBXNativeTarget section */

/* Begin PBXProject section */
		2E93033725226F1D00461BEF /* Project object */ = {
			isa = PBXProject;
			attributes = {
				LastSwiftUpdateCheck = 1200;
				LastUpgradeCheck = 1200;
				TargetAttributes = {
					2E93033E25226F1D00461BEF = {
						CreatedOnToolsVersion = 12.0;
					};
					2E93035425226F1F00461BEF = {
						CreatedOnToolsVersion = 12.0;
						TestTargetID = 2E93033E25226F1D00461BEF;
					};
					2E93035F25226F1F00461BEF = {
						CreatedOnToolsVersion = 12.0;
						TestTargetID = 2E93033E25226F1D00461BEF;
					};
				};
			};
			buildConfigurationList = 2E93033A25226F1D00461BEF /* Build configuration list for PBXProject "ImageLoader" */;
			compatibilityVersion = "Xcode 9.3";
			developmentRegion = en;
			hasScannedForEncodings = 0;
			knownRegions = (
				en,
				Base,
			);
			mainGroup = 2E93033625226F1D00461BEF;
			productRefGroup = 2E93034025226F1D00461BEF /* Products */;
			projectDirPath = "";
			projectRoot = "";
			targets = (
				2E93033E25226F1D00461BEF /* ImageLoader */,
				2E93035425226F1F00461BEF /* ImageLoaderTests */,
				2E93035F25226F1F00461BEF /* ImageLoaderUITests */,
			);
		};
/* End PBXProject section */

/* Begin PBXResourcesBuildPhase section */
		2E93033D25226F1D00461BEF /* Resources */ = {
			isa = PBXResourcesBuildPhase;
			buildActionMask = 2147483647;
			files = (
				2E93034F25226F1F00461BEF /* LaunchScreen.storyboard in Resources */,
				2E93034C25226F1F00461BEF /* Preview Assets.xcassets in Resources */,
				2E93034925226F1F00461BEF /* Assets.xcassets in Resources */,
			);
			runOnlyForDeploymentPostprocessing = 0;
		};
		2E93035325226F1F00461BEF /* Resources */ = {
			isa = PBXResourcesBuildPhase;
			buildActionMask = 2147483647;
			files = (
			);
			runOnlyForDeploymentPostprocessing = 0;
		};
		2E93035E25226F1F00461BEF /* Resources */ = {
			isa = PBXResourcesBuildPhase;
			buildActionMask = 2147483647;
			files = (
			);
			runOnlyForDeploymentPostprocessing = 0;
		};
/* End PBXResourcesBuildPhase section */

/* Begin PBXSourcesBuildPhase section */
		2E93033B25226F1D00461BEF /* Sources */ = {
			isa = PBXSourcesBuildPhase;
			buildActionMask = 2147483647;
			files = (
				2E93034325226F1D00461BEF /* AppDelegate.swift in Sources */,
				2E93034525226F1D00461BEF /* SceneDelegate.swift in Sources */,
				2E93037C25226F3C00461BEF /* ImageLoader.swift in Sources */,
				2E93034725226F1D00461BEF /* ContentView.swift in Sources */,
				2E93037625226F2B00461BEF /* URLImage.swift in Sources */,
			);
			runOnlyForDeploymentPostprocessing = 0;
		};
		2E93035125226F1F00461BEF /* Sources */ = {
			isa = PBXSourcesBuildPhase;
			buildActionMask = 2147483647;
			files = (
				2E93035A25226F1F00461BEF /* ImageLoaderTests.swift in Sources */,
			);
			runOnlyForDeploymentPostprocessing = 0;
		};
		2E93035C25226F1F00461BEF /* Sources */ = {
			isa = PBXSourcesBuildPhase;
			buildActionMask = 2147483647;
			files = (
				2E93036525226F1F00461BEF /* ImageLoaderUITests.swift in Sources */,
			);
			runOnlyForDeploymentPostprocessing = 0;
		};
/* End PBXSourcesBuildPhase section */

/* Begin PBXTargetDependency section */
		2E93035725226F1F00461BEF /* PBXTargetDependency */ = {
			isa = PBXTargetDependency;
			target = 2E93033E25226F1D00461BEF /* ImageLoader */;
			targetProxy = 2E93035625226F1F00461BEF /* PBXContainerItemProxy */;
		};
		2E93036225226F1F00461BEF /* PBXTargetDependency */ = {
			isa = PBXTargetDependency;
			target = 2E93033E25226F1D00461BEF /* ImageLoader */;
			targetProxy = 2E93036125226F1F00461BEF /* PBXContainerItemProxy */;
		};
/* End PBXTargetDependency section */

/* Begin PBXVariantGroup section */
		2E93034D25226F1F00461BEF /* LaunchScreen.storyboard */ = {
			isa = PBXVariantGroup;
			children = (
				2E93034E25226F1F00461BEF /* Base */,
			);
			name = LaunchScreen.storyboard;
			sourceTree = "<group>";
		};
/* End PBXVariantGroup section */

/* Begin XCBuildConfiguration section */
		2E93036725226F1F00461BEF /* Debug */ = {
			isa = XCBuildConfiguration;
			buildSettings = {
				ALWAYS_SEARCH_USER_PATHS = NO;
				CLANG_ANALYZER_NONNULL = YES;
				CLANG_ANALYZER_NUMBER_OBJECT_CONVERSION = YES_AGGRESSIVE;
				CLANG_CXX_LANGUAGE_STANDARD = "gnu++14";
				CLANG_CXX_LIBRARY = "libc++";
				CLANG_ENABLE_MODULES = YES;
				CLANG_ENABLE_OBJC_ARC = YES;
				CLANG_ENABLE_OBJC_WEAK = YES;
				CLANG_WARN_BLOCK_CAPTURE_AUTORELEASING = YES;
				CLANG_WARN_BOOL_CONVERSION = YES;
				CLANG_WARN_COMMA = YES;
				CLANG_WARN_CONSTANT_CONVERSION = YES;
				CLANG_WARN_DEPRECATED_OBJC_IMPLEMENTATIONS = YES;
				CLANG_WARN_DIRECT_OBJC_ISA_USAGE = YES_ERROR;
				CLANG_WARN_DOCUMENTATION_COMMENTS = YES;
				CLANG_WARN_EMPTY_BODY = YES;
				CLANG_WARN_ENUM_CONVERSION = YES;
				CLANG_WARN_INFINITE_RECURSION = YES;
				CLANG_WARN_INT_CONVERSION = YES;
				CLANG_WARN_NON_LITERAL_NULL_CONVERSION = YES;
				CLANG_WARN_OBJC_IMPLICIT_RETAIN_SELF = YES;
				CLANG_WARN_OBJC_LITERAL_CONVERSION = YES;
				CLANG_WARN_OBJC_ROOT_CLASS = YES_ERROR;
				CLANG_WARN_QUOTED_INCLUDE_IN_FRAMEWORK_HEADER = YES;
				CLANG_WARN_RANGE_LOOP_ANALYSIS = YES;
				CLANG_WARN_STRICT_PROTOTYPES = YES;
				CLANG_WARN_SUSPICIOUS_MOVE = YES;
				CLANG_WARN_UNGUARDED_AVAILABILITY = YES_AGGRESSIVE;
				CLANG_WARN_UNREACHABLE_CODE = YES;
				CLANG_WARN__DUPLICATE_METHOD_MATCH = YES;
				COPY_PHASE_STRIP = NO;
				DEBUG_INFORMATION_FORMAT = dwarf;
				ENABLE_STRICT_OBJC_MSGSEND = YES;
				ENABLE_TESTABILITY = YES;
				GCC_C_LANGUAGE_STANDARD = gnu11;
				GCC_DYNAMIC_NO_PIC = NO;
				GCC_NO_COMMON_BLOCKS = YES;
				GCC_OPTIMIZATION_LEVEL = 0;
				GCC_PREPROCESSOR_DEFINITIONS = (
					"DEBUG=1",
					"$(inherited)",
				);
				GCC_WARN_64_TO_32_BIT_CONVERSION = YES;
				GCC_WARN_ABOUT_RETURN_TYPE = YES_ERROR;
				GCC_WARN_UNDECLARED_SELECTOR = YES;
				GCC_WARN_UNINITIALIZED_AUTOS = YES_AGGRESSIVE;
				GCC_WARN_UNUSED_FUNCTION = YES;
				GCC_WARN_UNUSED_VARIABLE = YES;
				IPHONEOS_DEPLOYMENT_TARGET = 14.0;
				MTL_ENABLE_DEBUG_INFO = INCLUDE_SOURCE;
				MTL_FAST_MATH = YES;
				ONLY_ACTIVE_ARCH = YES;
				SDKROOT = iphoneos;
				SWIFT_ACTIVE_COMPILATION_CONDITIONS = DEBUG;
				SWIFT_OPTIMIZATION_LEVEL = "-Onone";
			};
			name = Debug;
		};
		2E93036825226F1F00461BEF /* Release */ = {
			isa = XCBuildConfiguration;
			buildSettings = {
				ALWAYS_SEARCH_USER_PATHS = NO;
				CLANG_ANALYZER_NONNULL = YES;
				CLANG_ANALYZER_NUMBER_OBJECT_CONVERSION = YES_AGGRESSIVE;
				CLANG_CXX_LANGUAGE_STANDARD = "gnu++14";
				CLANG_CXX_LIBRARY = "libc++";
				CLANG_ENABLE_MODULES = YES;
				CLANG_ENABLE_OBJC_ARC = YES;
				CLANG_ENABLE_OBJC_WEAK = YES;
				CLANG_WARN_BLOCK_CAPTURE_AUTORELEASING = YES;
				CLANG_WARN_BOOL_CONVERSION = YES;
				CLANG_WARN_COMMA = YES;
				CLANG_WARN_CONSTANT_CONVERSION = YES;
				CLANG_WARN_DEPRECATED_OBJC_IMPLEMENTATIONS = YES;
				CLANG_WARN_DIRECT_OBJC_ISA_USAGE = YES_ERROR;
				CLANG_WARN_DOCUMENTATION_COMMENTS = YES;
				CLANG_WARN_EMPTY_BODY = YES;
				CLANG_WARN_ENUM_CONVERSION = YES;
				CLANG_WARN_INFINITE_RECURSION = YES;
				CLANG_WARN_INT_CONVERSION = YES;
				CLANG_WARN_NON_LITERAL_NULL_CONVERSION = YES;
				CLANG_WARN_OBJC_IMPLICIT_RETAIN_SELF = YES;
				CLANG_WARN_OBJC_LITERAL_CONVERSION = YES;
				CLANG_WARN_OBJC_ROOT_CLASS = YES_ERROR;
				CLANG_WARN_QUOTED_INCLUDE_IN_FRAMEWORK_HEADER = YES;
				CLANG_WARN_RANGE_LOOP_ANALYSIS = YES;
				CLANG_WARN_STRICT_PROTOTYPES = YES;
				CLANG_WARN_SUSPICIOUS_MOVE = YES;
				CLANG_WARN_UNGUARDED_AVAILABILITY = YES_AGGRESSIVE;
				CLANG_WARN_UNREACHABLE_CODE = YES;
				CLANG_WARN__DUPLICATE_METHOD_MATCH = YES;
				COPY_PHASE_STRIP = NO;
				DEBUG_INFORMATION_FORMAT = "dwarf-with-dsym";
				ENABLE_NS_ASSERTIONS = NO;
				ENABLE_STRICT_OBJC_MSGSEND = YES;
				GCC_C_LANGUAGE_STANDARD = gnu11;
				GCC_NO_COMMON_BLOCKS = YES;
				GCC_WARN_64_TO_32_BIT_CONVERSION = YES;
				GCC_WARN_ABOUT_RETURN_TYPE = YES_ERROR;
				GCC_WARN_UNDECLARED_SELECTOR = YES;
				GCC_WARN_UNINITIALIZED_AUTOS = YES_AGGRESSIVE;
				GCC_WARN_UNUSED_FUNCTION = YES;
				GCC_WARN_UNUSED_VARIABLE = YES;
				IPHONEOS_DEPLOYMENT_TARGET = 14.0;
				MTL_ENABLE_DEBUG_INFO = NO;
				MTL_FAST_MATH = YES;
				SDKROOT = iphoneos;
				SWIFT_COMPILATION_MODE = wholemodule;
				SWIFT_OPTIMIZATION_LEVEL = "-O";
				VALIDATE_PRODUCT = YES;
			};
			name = Release;
		};
		2E93036A25226F1F00461BEF /* Debug */ = {
			isa = XCBuildConfiguration;
			buildSettings = {
				ASSETCATALOG_COMPILER_APPICON_NAME = AppIcon;
				ASSETCATALOG_COMPILER_GLOBAL_ACCENT_COLOR_NAME = AccentColor;
				CODE_SIGN_STYLE = Automatic;
				DEVELOPMENT_ASSET_PATHS = "\"ImageLoader/Preview Content\"";
				ENABLE_PREVIEWS = YES;
				INFOPLIST_FILE = ImageLoader/Info.plist;
				LD_RUNPATH_SEARCH_PATHS = (
					"$(inherited)",
					"@executable_path/Frameworks",
				);
				PRODUCT_BUNDLE_IDENTIFIER = Vineet.ImageLoader;
				PRODUCT_NAME = "$(TARGET_NAME)";
				SWIFT_VERSION = 5.0;
				TARGETED_DEVICE_FAMILY = "1,2";
			};
			name = Debug;
		};
		2E93036B25226F1F00461BEF /* Release */ = {
			isa = XCBuildConfiguration;
			buildSettings = {
				ASSETCATALOG_COMPILER_APPICON_NAME = AppIcon;
				ASSETCATALOG_COMPILER_GLOBAL_ACCENT_COLOR_NAME = AccentColor;
				CODE_SIGN_STYLE = Automatic;
				DEVELOPMENT_ASSET_PATHS = "\"ImageLoader/Preview Content\"";
				ENABLE_PREVIEWS = YES;
				INFOPLIST_FILE = ImageLoader/Info.plist;
				LD_RUNPATH_SEARCH_PATHS = (
					"$(inherited)",
					"@executable_path/Frameworks",
				);
				PRODUCT_BUNDLE_IDENTIFIER = Vineet.ImageLoader;
				PRODUCT_NAME = "$(TARGET_NAME)";
				SWIFT_VERSION = 5.0;
				TARGETED_DEVICE_FAMILY = "1,2";
			};
			name = Release;
		};
		2E93036D25226F1F00461BEF /* Debug */ = {
			isa = XCBuildConfiguration;
			buildSettings = {
				ALWAYS_EMBED_SWIFT_STANDARD_LIBRARIES = YES;
				BUNDLE_LOADER = "$(TEST_HOST)";
				CODE_SIGN_STYLE = Automatic;
				INFOPLIST_FILE = ImageLoaderTests/Info.plist;
				IPHONEOS_DEPLOYMENT_TARGET = 14.0;
				LD_RUNPATH_SEARCH_PATHS = (
					"$(inherited)",
					"@executable_path/Frameworks",
					"@loader_path/Frameworks",
				);
				PRODUCT_BUNDLE_IDENTIFIER = Vineet.ImageLoaderTests;
				PRODUCT_NAME = "$(TARGET_NAME)";
				SWIFT_VERSION = 5.0;
				TARGETED_DEVICE_FAMILY = "1,2";
				TEST_HOST = "$(BUILT_PRODUCTS_DIR)/ImageLoader.app/ImageLoader";
			};
			name = Debug;
		};
		2E93036E25226F1F00461BEF /* Release */ = {
			isa = XCBuildConfiguration;
			buildSettings = {
				ALWAYS_EMBED_SWIFT_STANDARD_LIBRARIES = YES;
				BUNDLE_LOADER = "$(TEST_HOST)";
				CODE_SIGN_STYLE = Automatic;
				INFOPLIST_FILE = ImageLoaderTests/Info.plist;
				IPHONEOS_DEPLOYMENT_TARGET = 14.0;
				LD_RUNPATH_SEARCH_PATHS = (
					"$(inherited)",
					"@executable_path/Frameworks",
					"@loader_path/Frameworks",
				);
				PRODUCT_BUNDLE_IDENTIFIER = Vineet.ImageLoaderTests;
				PRODUCT_NAME = "$(TARGET_NAME)";
				SWIFT_VERSION = 5.0;
				TARGETED_DEVICE_FAMILY = "1,2";
				TEST_HOST = "$(BUILT_PRODUCTS_DIR)/ImageLoader.app/ImageLoader";
			};
			name = Release;
		};
		2E93037025226F1F00461BEF /* Debug */ = {
			isa = XCBuildConfiguration;
			buildSettings = {
				ALWAYS_EMBED_SWIFT_STANDARD_LIBRARIES = YES;
				CODE_SIGN_STYLE = Automatic;
				INFOPLIST_FILE = ImageLoaderUITests/Info.plist;
				LD_RUNPATH_SEARCH_PATHS = (
					"$(inherited)",
					"@executable_path/Frameworks",
					"@loader_path/Frameworks",
				);
				PRODUCT_BUNDLE_IDENTIFIER = Vineet.ImageLoaderUITests;
				PRODUCT_NAME = "$(TARGET_NAME)";
				SWIFT_VERSION = 5.0;
				TARGETED_DEVICE_FAMILY = "1,2";
				TEST_TARGET_NAME = ImageLoader;
			};
			name = Debug;
		};
		2E93037125226F1F00461BEF /* Release */ = {
			isa = XCBuildConfiguration;
			buildSettings = {
				ALWAYS_EMBED_SWIFT_STANDARD_LIBRARIES = YES;
				CODE_SIGN_STYLE = Automatic;
				INFOPLIST_FILE = ImageLoaderUITests/Info.plist;
				LD_RUNPATH_SEARCH_PATHS = (
					"$(inherited)",
					"@executable_path/Frameworks",
					"@loader_path/Frameworks",
				);
				PRODUCT_BUNDLE_IDENTIFIER = Vineet.ImageLoaderUITests;
				PRODUCT_NAME = "$(TARGET_NAME)";
				SWIFT_VERSION = 5.0;
				TARGETED_DEVICE_FAMILY = "1,2";
				TEST_TARGET_NAME = ImageLoader;
			};
			name = Release;
		};
/* End XCBuildConfiguration section */

/* Begin XCConfigurationList section */
		2E93033A25226F1D00461BEF /* Build configuration list for PBXProject "ImageLoader" */ = {
			isa = XCConfigurationList;
			buildConfigurations = (
				2E93036725226F1F00461BEF /* Debug */,
				2E93036825226F1F00461BEF /* Release */,
			);
			defaultConfigurationIsVisible = 0;
			defaultConfigurationName = Release;
		};
		2E93036925226F1F00461BEF /* Build configuration list for PBXNativeTarget "ImageLoader" */ = {
			isa = XCConfigurationList;
			buildConfigurations = (
				2E93036A25226F1F00461BEF /* Debug */,
				2E93036B25226F1F00461BEF /* Release */,
			);
			defaultConfigurationIsVisible = 0;
			defaultConfigurationName = Release;
		};
		2E93036C25226F1F00461BEF /* Build configuration list for PBXNativeTarget "ImageLoaderTests" */ = {
			isa = XCConfigurationList;
			buildConfigurations = (
				2E93036D25226F1F00461BEF /* Debug */,
				2E93036E25226F1F00461BEF /* Release */,
			);
			defaultConfigurationIsVisible = 0;
			defaultConfigurationName = Release;
		};
		2E93036F25226F1F00461BEF /* Build configuration list for PBXNativeTarget "ImageLoaderUITests" */ = {
			isa = XCConfigurationList;
			buildConfigurations = (
				2E93037025226F1F00461BEF /* Debug */,
				2E93037125226F1F00461BEF /* Release */,
			);
			defaultConfigurationIsVisible = 0;
			defaultConfigurationName = Release;
		};
/* End XCConfigurationList section */
	};
	rootObject = 2E93033725226F1D00461BEF /* Project object */;
}
