// !$*UTF8*$!
{
	archiveVersion = 1;
	classes = {
	};
	objectVersion = 50;
	objects = {

/* Begin PBXBuildFile section */
		2EAC730E2525078B0087EA5F /* AppDelegate.swift in Sources */ = {isa = PBXBuildFile; fileRef = 2EAC730D2525078B0087EA5F /* AppDelegate.swift */; };
		2EAC73102525078B0087EA5F /* SceneDelegate.swift in Sources */ = {isa = PBXBuildFile; fileRef = 2EAC730F2525078B0087EA5F /* SceneDelegate.swift */; };
		2EAC73122525078B0087EA5F /* ContentView.swift in Sources */ = {isa = PBXBuildFile; fileRef = 2EAC73112525078B0087EA5F /* ContentView.swift */; };
		2EAC73142525078C0087EA5F /* Assets.xcassets in Resources */ = {isa = PBXBuildFile; fileRef = 2EAC73132525078C0087EA5F /* Assets.xcassets */; };
		2EAC73172525078C0087EA5F /* Preview Assets.xcassets in Resources */ = {isa = PBXBuildFile; fileRef = 2EAC73162525078C0087EA5F /* Preview Assets.xcassets */; };
		2EAC731A2525078C0087EA5F /* LaunchScreen.storyboard in Resources */ = {isa = PBXBuildFile; fileRef = 2EAC73182525078C0087EA5F /* LaunchScreen.storyboard */; };
		2EAC73252525078C0087EA5F /* CoreImageDetectionWithSwiftUITests.swift in Sources */ = {isa = PBXBuildFile; fileRef = 2EAC73242525078C0087EA5F /* CoreImageDetectionWithSwiftUITests.swift */; };
		2EAC73302525078C0087EA5F /* CoreImageDetectionWithSwiftUIUITests.swift in Sources */ = {isa = PBXBuildFile; fileRef = 2EAC732F2525078C0087EA5F /* CoreImageDetectionWithSwiftUIUITests.swift */; };
		2EAC734225250A4F0087EA5F /* ImageDetectionVM.swift in Sources */ = {isa = PBXBuildFile; fileRef = 2EAC734125250A4F0087EA5F /* ImageDetectionVM.swift */; };
		2EAC734B25250B0A0087EA5F /* ImageDetectionManager.swift in Sources */ = {isa = PBXBuildFile; fileRef = 2EAC734A25250B0A0087EA5F /* ImageDetectionManager.swift */; };
		2EAC735025250BAF0087EA5F /* Resnet50.mlmodel in Sources */ = {isa = PBXBuildFile; fileRef = 2EAC734F25250BAF0087EA5F /* Resnet50.mlmodel */; };
		2EAC735625250BFE0087EA5F /* UIImage+Extension.swift in Sources */ = {isa = PBXBuildFile; fileRef = 2EAC735525250BFE0087EA5F /* UIImage+Extension.swift */; };
/* End PBXBuildFile section */

/* Begin PBXContainerItemProxy section */
		2EAC73212525078C0087EA5F /* PBXContainerItemProxy */ = {
			isa = PBXContainerItemProxy;
			containerPortal = 2EAC73022525078B0087EA5F /* Project object */;
			proxyType = 1;
			remoteGlobalIDString = 2EAC73092525078B0087EA5F;
			remoteInfo = CoreImageDetectionWithSwiftUI;
		};
		2EAC732C2525078C0087EA5F /* PBXContainerItemProxy */ = {
			isa = PBXContainerItemProxy;
			containerPortal = 2EAC73022525078B0087EA5F /* Project object */;
			proxyType = 1;
			remoteGlobalIDString = 2EAC73092525078B0087EA5F;
			remoteInfo = CoreImageDetectionWithSwiftUI;
		};
/* End PBXContainerItemProxy section */

/* Begin PBXFileReference section */
		2EAC730A2525078B0087EA5F /* CoreImageDetectionWithSwiftUI.app */ = {isa = PBXFileReference; explicitFileType = wrapper.application; includeInIndex = 0; path = CoreImageDetectionWithSwiftUI.app; sourceTree = BUILT_PRODUCTS_DIR; };
		2EAC730D2525078B0087EA5F /* AppDelegate.swift */ = {isa = PBXFileReference; lastKnownFileType = sourcecode.swift; path = AppDelegate.swift; sourceTree = "<group>"; };
		2EAC730F2525078B0087EA5F /* SceneDelegate.swift */ = {isa = PBXFileReference; lastKnownFileType = sourcecode.swift; path = SceneDelegate.swift; sourceTree = "<group>"; };
		2EAC73112525078B0087EA5F /* ContentView.swift */ = {isa = PBXFileReference; lastKnownFileType = sourcecode.swift; path = ContentView.swift; sourceTree = "<group>"; };
		2EAC73132525078C0087EA5F /* Assets.xcassets */ = {isa = PBXFileReference; lastKnownFileType = folder.assetcatalog; path = Assets.xcassets; sourceTree = "<group>"; };
		2EAC73162525078C0087EA5F /* Preview Assets.xcassets */ = {isa = PBXFileReference; lastKnownFileType = folder.assetcatalog; path = "Preview Assets.xcassets"; sourceTree = "<group>"; };
		2EAC73192525078C0087EA5F /* Base */ = {isa = PBXFileReference; lastKnownFileType = file.storyboard; name = Base; path = Base.lproj/LaunchScreen.storyboard; sourceTree = "<group>"; };
		2EAC731B2525078C0087EA5F /* Info.plist */ = {isa = PBXFileReference; lastKnownFileType = text.plist.xml; path = Info.plist; sourceTree = "<group>"; };
		2EAC73202525078C0087EA5F /* CoreImageDetectionWithSwiftUITests.xctest */ = {isa = PBXFileReference; explicitFileType = wrapper.cfbundle; includeInIndex = 0; path = CoreImageDetectionWithSwiftUITests.xctest; sourceTree = BUILT_PRODUCTS_DIR; };
		2EAC73242525078C0087EA5F /* CoreImageDetectionWithSwiftUITests.swift */ = {isa = PBXFileReference; lastKnownFileType = sourcecode.swift; path = CoreImageDetectionWithSwiftUITests.swift; sourceTree = "<group>"; };
		2EAC73262525078C0087EA5F /* Info.plist */ = {isa = PBXFileReference; lastKnownFileType = text.plist.xml; path = Info.plist; sourceTree = "<group>"; };
		2EAC732B2525078C0087EA5F /* CoreImageDetectionWithSwiftUIUITests.xctest */ = {isa = PBXFileReference; explicitFileType = wrapper.cfbundle; includeInIndex = 0; path = CoreImageDetectionWithSwiftUIUITests.xctest; sourceTree = BUILT_PRODUCTS_DIR; };
		2EAC732F2525078C0087EA5F /* CoreImageDetectionWithSwiftUIUITests.swift */ = {isa = PBXFileReference; lastKnownFileType = sourcecode.swift; path = CoreImageDetectionWithSwiftUIUITests.swift; sourceTree = "<group>"; };
		2EAC73312525078C0087EA5F /* Info.plist */ = {isa = PBXFileReference; lastKnownFileType = text.plist.xml; path = Info.plist; sourceTree = "<group>"; };
		2EAC734125250A4F0087EA5F /* ImageDetectionVM.swift */ = {isa = PBXFileReference; lastKnownFileType = sourcecode.swift; path = ImageDetectionVM.swift; sourceTree = "<group>"; };
		2EAC734A25250B0A0087EA5F /* ImageDetectionManager.swift */ = {isa = PBXFileReference; lastKnownFileType = sourcecode.swift; path = ImageDetectionManager.swift; sourceTree = "<group>"; };
		2EAC734F25250BAF0087EA5F /* Resnet50.mlmodel */ = {isa = PBXFileReference; lastKnownFileType = file.mlmodel; path = Resnet50.mlmodel; sourceTree = "<group>"; };
		2EAC735525250BFE0087EA5F /* UIImage+Extension.swift */ = {isa = PBXFileReference; lastKnownFileType = sourcecode.swift; path = "UIImage+Extension.swift"; sourceTree = "<group>"; };
/* End PBXFileReference section */

/* Begin PBXFrameworksBuildPhase section */
		2EAC73072525078B0087EA5F /* Frameworks */ = {
			isa = PBXFrameworksBuildPhase;
			buildActionMask = 2147483647;
			files = (
			);
			runOnlyForDeploymentPostprocessing = 0;
		};
		2EAC731D2525078C0087EA5F /* Frameworks */ = {
			isa = PBXFrameworksBuildPhase;
			buildActionMask = 2147483647;
			files = (
			);
			runOnlyForDeploymentPostprocessing = 0;
		};
		2EAC73282525078C0087EA5F /* Frameworks */ = {
			isa = PBXFrameworksBuildPhase;
			buildActionMask = 2147483647;
			files = (
			);
			runOnlyForDeploymentPostprocessing = 0;
		};
/* End PBXFrameworksBuildPhase section */

/* Begin PBXGroup section */
		2EAC73012525078B0087EA5F = {
			isa = PBXGroup;
			children = (
				2EAC730C2525078B0087EA5F /* CoreImageDetectionWithSwiftUI */,
				2EAC73232525078C0087EA5F /* CoreImageDetectionWithSwiftUITests */,
				2EAC732E2525078C0087EA5F /* CoreImageDetectionWithSwiftUIUITests */,
				2EAC730B2525078B0087EA5F /* Products */,
			);
			sourceTree = "<group>";
		};
		2EAC730B2525078B0087EA5F /* Products */ = {
			isa = PBXGroup;
			children = (
				2EAC730A2525078B0087EA5F /* CoreImageDetectionWithSwiftUI.app */,
				2EAC73202525078C0087EA5F /* CoreImageDetectionWithSwiftUITests.xctest */,
				2EAC732B2525078C0087EA5F /* CoreImageDetectionWithSwiftUIUITests.xctest */,
			);
			name = Products;
			sourceTree = "<group>";
		};
		2EAC730C2525078B0087EA5F /* CoreImageDetectionWithSwiftUI */ = {
			isa = PBXGroup;
			children = (
				2EAC735425250BEE0087EA5F /* Extensions */,
				2EAC734925250AFA0087EA5F /* Managers */,
				2EAC734025250A3C0087EA5F /* View Models */,
				2EAC730D2525078B0087EA5F /* AppDelegate.swift */,
				2EAC730F2525078B0087EA5F /* SceneDelegate.swift */,
				2EAC73112525078B0087EA5F /* ContentView.swift */,
				2EAC73132525078C0087EA5F /* Assets.xcassets */,
				2EAC73182525078C0087EA5F /* LaunchScreen.storyboard */,
				2EAC731B2525078C0087EA5F /* Info.plist */,
				2EAC734F25250BAF0087EA5F /* Resnet50.mlmodel */,
				2EAC73152525078C0087EA5F /* Preview Content */,
			);
			path = CoreImageDetectionWithSwiftUI;
			sourceTree = "<group>";
		};
		2EAC73152525078C0087EA5F /* Preview Content */ = {
			isa = PBXGroup;
			children = (
				2EAC73162525078C0087EA5F /* Preview Assets.xcassets */,
			);
			path = "Preview Content";
			sourceTree = "<group>";
		};
		2EAC73232525078C0087EA5F /* CoreImageDetectionWithSwiftUITests */ = {
			isa = PBXGroup;
			children = (
				2EAC73242525078C0087EA5F /* CoreImageDetectionWithSwiftUITests.swift */,
				2EAC73262525078C0087EA5F /* Info.plist */,
			);
			path = CoreImageDetectionWithSwiftUITests;
			sourceTree = "<group>";
		};
		2EAC732E2525078C0087EA5F /* CoreImageDetectionWithSwiftUIUITests */ = {
			isa = PBXGroup;
			children = (
				2EAC732F2525078C0087EA5F /* CoreImageDetectionWithSwiftUIUITests.swift */,
				2EAC73312525078C0087EA5F /* Info.plist */,
			);
			path = CoreImageDetectionWithSwiftUIUITests;
			sourceTree = "<group>";
		};
		2EAC734025250A3C0087EA5F /* View Models */ = {
			isa = PBXGroup;
			children = (
				2EAC734125250A4F0087EA5F /* ImageDetectionVM.swift */,
			);
			path = "View Models";
			sourceTree = "<group>";
		};
		2EAC734925250AFA0087EA5F /* Managers */ = {
			isa = PBXGroup;
			children = (
				2EAC734A25250B0A0087EA5F /* ImageDetectionManager.swift */,
			);
			path = Managers;
			sourceTree = "<group>";
		};
		2EAC735425250BEE0087EA5F /* Extensions */ = {
			isa = PBXGroup;
			children = (
				2EAC735525250BFE0087EA5F /* UIImage+Extension.swift */,
			);
			path = Extensions;
			sourceTree = "<group>";
		};
/* End PBXGroup section */

/* Begin PBXNativeTarget section */
		2EAC73092525078B0087EA5F /* CoreImageDetectionWithSwiftUI */ = {
			isa = PBXNativeTarget;
			buildConfigurationList = 2EAC73342525078C0087EA5F /* Build configuration list for PBXNativeTarget "CoreImageDetectionWithSwiftUI" */;
			buildPhases = (
				2EAC73062525078B0087EA5F /* Sources */,
				2EAC73072525078B0087EA5F /* Frameworks */,
				2EAC73082525078B0087EA5F /* Resources */,
			);
			buildRules = (
			);
			dependencies = (
			);
			name = CoreImageDetectionWithSwiftUI;
			productName = CoreImageDetectionWithSwiftUI;
			productReference = 2EAC730A2525078B0087EA5F /* CoreImageDetectionWithSwiftUI.app */;
			productType = "com.apple.product-type.application";
		};
		2EAC731F2525078C0087EA5F /* CoreImageDetectionWithSwiftUITests */ = {
			isa = PBXNativeTarget;
			buildConfigurationList = 2EAC73372525078C0087EA5F /* Build configuration list for PBXNativeTarget "CoreImageDetectionWithSwiftUITests" */;
			buildPhases = (
				2EAC731C2525078C0087EA5F /* Sources */,
				2EAC731D2525078C0087EA5F /* Frameworks */,
				2EAC731E2525078C0087EA5F /* Resources */,
			);
			buildRules = (
			);
			dependencies = (
				2EAC73222525078C0087EA5F /* PBXTargetDependency */,
			);
			name = CoreImageDetectionWithSwiftUITests;
			productName = CoreImageDetectionWithSwiftUITests;
			productReference = 2EAC73202525078C0087EA5F /* CoreImageDetectionWithSwiftUITests.xctest */;
			productType = "com.apple.product-type.bundle.unit-test";
		};
		2EAC732A2525078C0087EA5F /* CoreImageDetectionWithSwiftUIUITests */ = {
			isa = PBXNativeTarget;
			buildConfigurationList = 2EAC733A2525078C0087EA5F /* Build configuration list for PBXNativeTarget "CoreImageDetectionWithSwiftUIUITests" */;
			buildPhases = (
				2EAC73272525078C0087EA5F /* Sources */,
				2EAC73282525078C0087EA5F /* Frameworks */,
				2EAC73292525078C0087EA5F /* Resources */,
			);
			buildRules = (
			);
			dependencies = (
				2EAC732D2525078C0087EA5F /* PBXTargetDependency */,
			);
			name = CoreImageDetectionWithSwiftUIUITests;
			productName = CoreImageDetectionWithSwiftUIUITests;
			productReference = 2EAC732B2525078C0087EA5F /* CoreImageDetectionWithSwiftUIUITests.xctest */;
			productType = "com.apple.product-type.bundle.ui-testing";
		};
/* End PBXNativeTarget section */

/* Begin PBXProject section */
		2EAC73022525078B0087EA5F /* Project object */ = {
			isa = PBXProject;
			attributes = {
				LastSwiftUpdateCheck = 1200;
				LastUpgradeCheck = 1200;
				TargetAttributes = {
					2EAC73092525078B0087EA5F = {
						CreatedOnToolsVersion = 12.0;
					};
					2EAC731F2525078C0087EA5F = {
						CreatedOnToolsVersion = 12.0;
						TestTargetID = 2EAC73092525078B0087EA5F;
					};
					2EAC732A2525078C0087EA5F = {
						CreatedOnToolsVersion = 12.0;
						TestTargetID = 2EAC73092525078B0087EA5F;
					};
				};
			};
			buildConfigurationList = 2EAC73052525078B0087EA5F /* Build configuration list for PBXProject "CoreImageDetectionWithSwiftUI" */;
			compatibilityVersion = "Xcode 9.3";
			developmentRegion = en;
			hasScannedForEncodings = 0;
			knownRegions = (
				en,
				Base,
			);
			mainGroup = 2EAC73012525078B0087EA5F;
			productRefGroup = 2EAC730B2525078B0087EA5F /* Products */;
			projectDirPath = "";
			projectRoot = "";
			targets = (
				2EAC73092525078B0087EA5F /* CoreImageDetectionWithSwiftUI */,
				2EAC731F2525078C0087EA5F /* CoreImageDetectionWithSwiftUITests */,
				2EAC732A2525078C0087EA5F /* CoreImageDetectionWithSwiftUIUITests */,
			);
		};
/* End PBXProject section */

/* Begin PBXResourcesBuildPhase section */
		2EAC73082525078B0087EA5F /* Resources */ = {
			isa = PBXResourcesBuildPhase;
			buildActionMask = 2147483647;
			files = (
				2EAC731A2525078C0087EA5F /* LaunchScreen.storyboard in Resources */,
				2EAC73172525078C0087EA5F /* Preview Assets.xcassets in Resources */,
				2EAC73142525078C0087EA5F /* Assets.xcassets in Resources */,
			);
			runOnlyForDeploymentPostprocessing = 0;
		};
		2EAC731E2525078C0087EA5F /* Resources */ = {
			isa = PBXResourcesBuildPhase;
			buildActionMask = 2147483647;
			files = (
			);
			runOnlyForDeploymentPostprocessing = 0;
		};
		2EAC73292525078C0087EA5F /* Resources */ = {
			isa = PBXResourcesBuildPhase;
			buildActionMask = 2147483647;
			files = (
			);
			runOnlyForDeploymentPostprocessing = 0;
		};
/* End PBXResourcesBuildPhase section */

/* Begin PBXSourcesBuildPhase section */
		2EAC73062525078B0087EA5F /* Sources */ = {
			isa = PBXSourcesBuildPhase;
			buildActionMask = 2147483647;
			files = (
				2EAC730E2525078B0087EA5F /* AppDelegate.swift in Sources */,
				2EAC735625250BFE0087EA5F /* UIImage+Extension.swift in Sources */,
				2EAC73102525078B0087EA5F /* SceneDelegate.swift in Sources */,
				2EAC734B25250B0A0087EA5F /* ImageDetectionManager.swift in Sources */,
				2EAC734225250A4F0087EA5F /* ImageDetectionVM.swift in Sources */,
				2EAC735025250BAF0087EA5F /* Resnet50.mlmodel in Sources */,
				2EAC73122525078B0087EA5F /* ContentView.swift in Sources */,
			);
			runOnlyForDeploymentPostprocessing = 0;
		};
		2EAC731C2525078C0087EA5F /* Sources */ = {
			isa = PBXSourcesBuildPhase;
			buildActionMask = 2147483647;
			files = (
				2EAC73252525078C0087EA5F /* CoreImageDetectionWithSwiftUITests.swift in Sources */,
			);
			runOnlyForDeploymentPostprocessing = 0;
		};
		2EAC73272525078C0087EA5F /* Sources */ = {
			isa = PBXSourcesBuildPhase;
			buildActionMask = 2147483647;
			files = (
				2EAC73302525078C0087EA5F /* CoreImageDetectionWithSwiftUIUITests.swift in Sources */,
			);
			runOnlyForDeploymentPostprocessing = 0;
		};
/* End PBXSourcesBuildPhase section */

/* Begin PBXTargetDependency section */
		2EAC73222525078C0087EA5F /* PBXTargetDependency */ = {
			isa = PBXTargetDependency;
			target = 2EAC73092525078B0087EA5F /* CoreImageDetectionWithSwiftUI */;
			targetProxy = 2EAC73212525078C0087EA5F /* PBXContainerItemProxy */;
		};
		2EAC732D2525078C0087EA5F /* PBXTargetDependency */ = {
			isa = PBXTargetDependency;
			target = 2EAC73092525078B0087EA5F /* CoreImageDetectionWithSwiftUI */;
			targetProxy = 2EAC732C2525078C0087EA5F /* PBXContainerItemProxy */;
		};
/* End PBXTargetDependency section */

/* Begin PBXVariantGroup section */
		2EAC73182525078C0087EA5F /* LaunchScreen.storyboard */ = {
			isa = PBXVariantGroup;
			children = (
				2EAC73192525078C0087EA5F /* Base */,
			);
			name = LaunchScreen.storyboard;
			sourceTree = "<group>";
		};
/* End PBXVariantGroup section */

/* Begin XCBuildConfiguration section */
		2EAC73322525078C0087EA5F /* Debug */ = {
			isa = XCBuildConfiguration;
			buildSettings = {
				ALWAYS_SEARCH_USER_PATHS = NO;
				CLANG_ANALYZER_NONNULL = YES;
				CLANG_ANALYZER_NUMBER_OBJECT_CONVERSION = YES_AGGRESSIVE;
				CLANG_CXX_LANGUAGE_STANDARD = "gnu++14";
				CLANG_CXX_LIBRARY = "libc++";
				CLANG_ENABLE_MODULES = YES;
				CLANG_ENABLE_OBJC_ARC = YES;
				CLANG_ENABLE_OBJC_WEAK = YES;
				CLANG_WARN_BLOCK_CAPTURE_AUTORELEASING = YES;
				CLANG_WARN_BOOL_CONVERSION = YES;
				CLANG_WARN_COMMA = YES;
				CLANG_WARN_CONSTANT_CONVERSION = YES;
				CLANG_WARN_DEPRECATED_OBJC_IMPLEMENTATIONS = YES;
				CLANG_WARN_DIRECT_OBJC_ISA_USAGE = YES_ERROR;
				CLANG_WARN_DOCUMENTATION_COMMENTS = YES;
				CLANG_WARN_EMPTY_BODY = YES;
				CLANG_WARN_ENUM_CONVERSION = YES;
				CLANG_WARN_INFINITE_RECURSION = YES;
				CLANG_WARN_INT_CONVERSION = YES;
				CLANG_WARN_NON_LITERAL_NULL_CONVERSION = YES;
				CLANG_WARN_OBJC_IMPLICIT_RETAIN_SELF = YES;
				CLANG_WARN_OBJC_LITERAL_CONVERSION = YES;
				CLANG_WARN_OBJC_ROOT_CLASS = YES_ERROR;
				CLANG_WARN_QUOTED_INCLUDE_IN_FRAMEWORK_HEADER = YES;
				CLANG_WARN_RANGE_LOOP_ANALYSIS = YES;
				CLANG_WARN_STRICT_PROTOTYPES = YES;
				CLANG_WARN_SUSPICIOUS_MOVE = YES;
				CLANG_WARN_UNGUARDED_AVAILABILITY = YES_AGGRESSIVE;
				CLANG_WARN_UNREACHABLE_CODE = YES;
				CLANG_WARN__DUPLICATE_METHOD_MATCH = YES;
				COPY_PHASE_STRIP = NO;
				DEBUG_INFORMATION_FORMAT = dwarf;
				ENABLE_STRICT_OBJC_MSGSEND = YES;
				ENABLE_TESTABILITY = YES;
				GCC_C_LANGUAGE_STANDARD = gnu11;
				GCC_DYNAMIC_NO_PIC = NO;
				GCC_NO_COMMON_BLOCKS = YES;
				GCC_OPTIMIZATION_LEVEL = 0;
				GCC_PREPROCESSOR_DEFINITIONS = (
					"DEBUG=1",
					"$(inherited)",
				);
				GCC_WARN_64_TO_32_BIT_CONVERSION = YES;
				GCC_WARN_ABOUT_RETURN_TYPE = YES_ERROR;
				GCC_WARN_UNDECLARED_SELECTOR = YES;
				GCC_WARN_UNINITIALIZED_AUTOS = YES_AGGRESSIVE;
				GCC_WARN_UNUSED_FUNCTION = YES;
				GCC_WARN_UNUSED_VARIABLE = YES;
				IPHONEOS_DEPLOYMENT_TARGET = 14.0;
				MTL_ENABLE_DEBUG_INFO = INCLUDE_SOURCE;
				MTL_FAST_MATH = YES;
				ONLY_ACTIVE_ARCH = YES;
				SDKROOT = iphoneos;
				SWIFT_ACTIVE_COMPILATION_CONDITIONS = DEBUG;
				SWIFT_OPTIMIZATION_LEVEL = "-Onone";
			};
			name = Debug;
		};
		2EAC73332525078C0087EA5F /* Release */ = {
			isa = XCBuildConfiguration;
			buildSettings = {
				ALWAYS_SEARCH_USER_PATHS = NO;
				CLANG_ANALYZER_NONNULL = YES;
				CLANG_ANALYZER_NUMBER_OBJECT_CONVERSION = YES_AGGRESSIVE;
				CLANG_CXX_LANGUAGE_STANDARD = "gnu++14";
				CLANG_CXX_LIBRARY = "libc++";
				CLANG_ENABLE_MODULES = YES;
				CLANG_ENABLE_OBJC_ARC = YES;
				CLANG_ENABLE_OBJC_WEAK = YES;
				CLANG_WARN_BLOCK_CAPTURE_AUTORELEASING = YES;
				CLANG_WARN_BOOL_CONVERSION = YES;
				CLANG_WARN_COMMA = YES;
				CLANG_WARN_CONSTANT_CONVERSION = YES;
				CLANG_WARN_DEPRECATED_OBJC_IMPLEMENTATIONS = YES;
				CLANG_WARN_DIRECT_OBJC_ISA_USAGE = YES_ERROR;
				CLANG_WARN_DOCUMENTATION_COMMENTS = YES;
				CLANG_WARN_EMPTY_BODY = YES;
				CLANG_WARN_ENUM_CONVERSION = YES;
				CLANG_WARN_INFINITE_RECURSION = YES;
				CLANG_WARN_INT_CONVERSION = YES;
				CLANG_WARN_NON_LITERAL_NULL_CONVERSION = YES;
				CLANG_WARN_OBJC_IMPLICIT_RETAIN_SELF = YES;
				CLANG_WARN_OBJC_LITERAL_CONVERSION = YES;
				CLANG_WARN_OBJC_ROOT_CLASS = YES_ERROR;
				CLANG_WARN_QUOTED_INCLUDE_IN_FRAMEWORK_HEADER = YES;
				CLANG_WARN_RANGE_LOOP_ANALYSIS = YES;
				CLANG_WARN_STRICT_PROTOTYPES = YES;
				CLANG_WARN_SUSPICIOUS_MOVE = YES;
				CLANG_WARN_UNGUARDED_AVAILABILITY = YES_AGGRESSIVE;
				CLANG_WARN_UNREACHABLE_CODE = YES;
				CLANG_WARN__DUPLICATE_METHOD_MATCH = YES;
				COPY_PHASE_STRIP = NO;
				DEBUG_INFORMATION_FORMAT = "dwarf-with-dsym";
				ENABLE_NS_ASSERTIONS = NO;
				ENABLE_STRICT_OBJC_MSGSEND = YES;
				GCC_C_LANGUAGE_STANDARD = gnu11;
				GCC_NO_COMMON_BLOCKS = YES;
				GCC_WARN_64_TO_32_BIT_CONVERSION = YES;
				GCC_WARN_ABOUT_RETURN_TYPE = YES_ERROR;
				GCC_WARN_UNDECLARED_SELECTOR = YES;
				GCC_WARN_UNINITIALIZED_AUTOS = YES_AGGRESSIVE;
				GCC_WARN_UNUSED_FUNCTION = YES;
				GCC_WARN_UNUSED_VARIABLE = YES;
				IPHONEOS_DEPLOYMENT_TARGET = 14.0;
				MTL_ENABLE_DEBUG_INFO = NO;
				MTL_FAST_MATH = YES;
				SDKROOT = iphoneos;
				SWIFT_COMPILATION_MODE = wholemodule;
				SWIFT_OPTIMIZATION_LEVEL = "-O";
				VALIDATE_PRODUCT = YES;
			};
			name = Release;
		};
		2EAC73352525078C0087EA5F /* Debug */ = {
			isa = XCBuildConfiguration;
			buildSettings = {
				ASSETCATALOG_COMPILER_APPICON_NAME = AppIcon;
				ASSETCATALOG_COMPILER_GLOBAL_ACCENT_COLOR_NAME = AccentColor;
				CODE_SIGN_STYLE = Automatic;
				DEVELOPMENT_ASSET_PATHS = "\"CoreImageDetectionWithSwiftUI/Preview Content\"";
				ENABLE_PREVIEWS = YES;
				INFOPLIST_FILE = CoreImageDetectionWithSwiftUI/Info.plist;
				LD_RUNPATH_SEARCH_PATHS = (
					"$(inherited)",
					"@executable_path/Frameworks",
				);
				PRODUCT_BUNDLE_IDENTIFIER = Vineet.CoreImageDetectionWithSwiftUI;
				PRODUCT_NAME = "$(TARGET_NAME)";
				SWIFT_VERSION = 5.0;
				TARGETED_DEVICE_FAMILY = "1,2";
			};
			name = Debug;
		};
		2EAC73362525078C0087EA5F /* Release */ = {
			isa = XCBuildConfiguration;
			buildSettings = {
				ASSETCATALOG_COMPILER_APPICON_NAME = AppIcon;
				ASSETCATALOG_COMPILER_GLOBAL_ACCENT_COLOR_NAME = AccentColor;
				CODE_SIGN_STYLE = Automatic;
				DEVELOPMENT_ASSET_PATHS = "\"CoreImageDetectionWithSwiftUI/Preview Content\"";
				ENABLE_PREVIEWS = YES;
				INFOPLIST_FILE = CoreImageDetectionWithSwiftUI/Info.plist;
				LD_RUNPATH_SEARCH_PATHS = (
					"$(inherited)",
					"@executable_path/Frameworks",
				);
				PRODUCT_BUNDLE_IDENTIFIER = Vineet.CoreImageDetectionWithSwiftUI;
				PRODUCT_NAME = "$(TARGET_NAME)";
				SWIFT_VERSION = 5.0;
				TARGETED_DEVICE_FAMILY = "1,2";
			};
			name = Release;
		};
		2EAC73382525078C0087EA5F /* Debug */ = {
			isa = XCBuildConfiguration;
			buildSettings = {
				ALWAYS_EMBED_SWIFT_STANDARD_LIBRARIES = YES;
				BUNDLE_LOADER = "$(TEST_HOST)";
				CODE_SIGN_STYLE = Automatic;
				INFOPLIST_FILE = CoreImageDetectionWithSwiftUITests/Info.plist;
				IPHONEOS_DEPLOYMENT_TARGET = 14.0;
				LD_RUNPATH_SEARCH_PATHS = (
					"$(inherited)",
					"@executable_path/Frameworks",
					"@loader_path/Frameworks",
				);
				PRODUCT_BUNDLE_IDENTIFIER = Vineet.CoreImageDetectionWithSwiftUITests;
				PRODUCT_NAME = "$(TARGET_NAME)";
				SWIFT_VERSION = 5.0;
				TARGETED_DEVICE_FAMILY = "1,2";
				TEST_HOST = "$(BUILT_PRODUCTS_DIR)/CoreImageDetectionWithSwiftUI.app/CoreImageDetectionWithSwiftUI";
			};
			name = Debug;
		};
		2EAC73392525078C0087EA5F /* Release */ = {
			isa = XCBuildConfiguration;
			buildSettings = {
				ALWAYS_EMBED_SWIFT_STANDARD_LIBRARIES = YES;
				BUNDLE_LOADER = "$(TEST_HOST)";
				CODE_SIGN_STYLE = Automatic;
				INFOPLIST_FILE = CoreImageDetectionWithSwiftUITests/Info.plist;
				IPHONEOS_DEPLOYMENT_TARGET = 14.0;
				LD_RUNPATH_SEARCH_PATHS = (
					"$(inherited)",
					"@executable_path/Frameworks",
					"@loader_path/Frameworks",
				);
				PRODUCT_BUNDLE_IDENTIFIER = Vineet.CoreImageDetectionWithSwiftUITests;
				PRODUCT_NAME = "$(TARGET_NAME)";
				SWIFT_VERSION = 5.0;
				TARGETED_DEVICE_FAMILY = "1,2";
				TEST_HOST = "$(BUILT_PRODUCTS_DIR)/CoreImageDetectionWithSwiftUI.app/CoreImageDetectionWithSwiftUI";
			};
			name = Release;
		};
		2EAC733B2525078C0087EA5F /* Debug */ = {
			isa = XCBuildConfiguration;
			buildSettings = {
				ALWAYS_EMBED_SWIFT_STANDARD_LIBRARIES = YES;
				CODE_SIGN_STYLE = Automatic;
				INFOPLIST_FILE = CoreImageDetectionWithSwiftUIUITests/Info.plist;
				LD_RUNPATH_SEARCH_PATHS = (
					"$(inherited)",
					"@executable_path/Frameworks",
					"@loader_path/Frameworks",
				);
				PRODUCT_BUNDLE_IDENTIFIER = Vineet.CoreImageDetectionWithSwiftUIUITests;
				PRODUCT_NAME = "$(TARGET_NAME)";
				SWIFT_VERSION = 5.0;
				TARGETED_DEVICE_FAMILY = "1,2";
				TEST_TARGET_NAME = CoreImageDetectionWithSwiftUI;
			};
			name = Debug;
		};
		2EAC733C2525078C0087EA5F /* Release */ = {
			isa = XCBuildConfiguration;
			buildSettings = {
				ALWAYS_EMBED_SWIFT_STANDARD_LIBRARIES = YES;
				CODE_SIGN_STYLE = Automatic;
				INFOPLIST_FILE = CoreImageDetectionWithSwiftUIUITests/Info.plist;
				LD_RUNPATH_SEARCH_PATHS = (
					"$(inherited)",
					"@executable_path/Frameworks",
					"@loader_path/Frameworks",
				);
				PRODUCT_BUNDLE_IDENTIFIER = Vineet.CoreImageDetectionWithSwiftUIUITests;
				PRODUCT_NAME = "$(TARGET_NAME)";
				SWIFT_VERSION = 5.0;
				TARGETED_DEVICE_FAMILY = "1,2";
				TEST_TARGET_NAME = CoreImageDetectionWithSwiftUI;
			};
			name = Release;
		};
/* End XCBuildConfiguration section */

/* Begin XCConfigurationList section */
		2EAC73052525078B0087EA5F /* Build configuration list for PBXProject "CoreImageDetectionWithSwiftUI" */ = {
			isa = XCConfigurationList;
			buildConfigurations = (
				2EAC73322525078C0087EA5F /* Debug */,
				2EAC73332525078C0087EA5F /* Release */,
			);
			defaultConfigurationIsVisible = 0;
			defaultConfigurationName = Release;
		};
		2EAC73342525078C0087EA5F /* Build configuration list for PBXNativeTarget "CoreImageDetectionWithSwiftUI" */ = {
			isa = XCConfigurationList;
			buildConfigurations = (
				2EAC73352525078C0087EA5F /* Debug */,
				2EAC73362525078C0087EA5F /* Release */,
			);
			defaultConfigurationIsVisible = 0;
			defaultConfigurationName = Release;
		};
		2EAC73372525078C0087EA5F /* Build configuration list for PBXNativeTarget "CoreImageDetectionWithSwiftUITests" */ = {
			isa = XCConfigurationList;
			buildConfigurations = (
				2EAC73382525078C0087EA5F /* Debug */,
				2EAC73392525078C0087EA5F /* Release */,
			);
			defaultConfigurationIsVisible = 0;
			defaultConfigurationName = Release;
		};
		2EAC733A2525078C0087EA5F /* Build configuration list for PBXNativeTarget "CoreImageDetectionWithSwiftUIUITests" */ = {
			isa = XCConfigurationList;
			buildConfigurations = (
				2EAC733B2525078C0087EA5F /* Debug */,
				2EAC733C2525078C0087EA5F /* Release */,
			);
			defaultConfigurationIsVisible = 0;
			defaultConfigurationName = Release;
		};
/* End XCConfigurationList section */
	};
	rootObject = 2EAC73022525078B0087EA5F /* Project object */;
}
